
Microsoft Visual Studio Solution File, Format Version 12.00
# Visual Studio Version 16
VisualStudioVersion = 16.0.30503.244
MinimumVisualStudioVersion = 10.0.40219.1
Project("{9A19103F-16F7-4668-BE54-9A1E7A4F7556}") = "Pe.Core", "Pe.Core\Pe.Core.csproj", "{9999CFC6-235E-4A00-8467-803557876AD2}"
EndProject
Project("{9A19103F-16F7-4668-BE54-9A1E7A4F7556}") = "Pe.Core.Test", "Pe.Core.Test\Pe.Core.Test.csproj", "{3138D338-C144-419C-A0BF-1570AB8EFC68}"
EndProject
Project("{9A19103F-16F7-4668-BE54-9A1E7A4F7556}") = "Pe.Bridge", "Pe.Bridge\Source\Pe.Bridge\Pe.Bridge.csproj", "{56ADC565-1773-4885-BE81-0BD80EF12258}"
EndProject
Project("{9A19103F-16F7-4668-BE54-9A1E7A4F7556}") = "Pe.PInvoke", "Pe.PInvoke\Pe.PInvoke.csproj", "{F2C90EB2-004E-4485-8805-131362E0DF1D}"
EndProject
Global
	GlobalSection(SolutionConfigurationPlatforms) = preSolution
		Debug|x64 = Debug|x64
		Debug|x86 = Debug|x86
		Debug-DisabledAnalyzers|x64 = Debug-DisabledAnalyzers|x64
		Debug-DisabledAnalyzers|x86 = Debug-DisabledAnalyzers|x86
		Release|x64 = Release|x64
		Release|x86 = Release|x86
	EndGlobalSection
	GlobalSection(ProjectConfigurationPlatforms) = postSolution
		{9999CFC6-235E-4A00-8467-803557876AD2}.Debug|x64.ActiveCfg = Debug|x64
		{9999CFC6-235E-4A00-8467-803557876AD2}.Debug|x64.Build.0 = Debug|x64
		{9999CFC6-235E-4A00-8467-803557876AD2}.Debug|x86.ActiveCfg = Debug|x86
		{9999CFC6-235E-4A00-8467-803557876AD2}.Debug|x86.Build.0 = Debug|x86
		{9999CFC6-235E-4A00-8467-803557876AD2}.Debug-DisabledAnalyzers|x64.ActiveCfg = Debug-DisabledAnalyzers|x64
		{9999CFC6-235E-4A00-8467-803557876AD2}.Debug-DisabledAnalyzers|x64.Build.0 = Debug-DisabledAnalyzers|x64
		{9999CFC6-235E-4A00-8467-803557876AD2}.Debug-DisabledAnalyzers|x86.ActiveCfg = Debug-DisabledAnalyzers|x86
		{9999CFC6-235E-4A00-8467-803557876AD2}.Debug-DisabledAnalyzers|x86.Build.0 = Debug-DisabledAnalyzers|x86
		{9999CFC6-235E-4A00-8467-803557876AD2}.Release|x64.ActiveCfg = Release|x64
		{9999CFC6-235E-4A00-8467-803557876AD2}.Release|x64.Build.0 = Release|x64
		{9999CFC6-235E-4A00-8467-803557876AD2}.Release|x86.ActiveCfg = Release|x86
		{9999CFC6-235E-4A00-8467-803557876AD2}.Release|x86.Build.0 = Release|x86
		{3138D338-C144-419C-A0BF-1570AB8EFC68}.Debug|x64.ActiveCfg = Debug|x64
		{3138D338-C144-419C-A0BF-1570AB8EFC68}.Debug|x64.Build.0 = Debug|x64
		{3138D338-C144-419C-A0BF-1570AB8EFC68}.Debug|x86.ActiveCfg = Debug|x86
		{3138D338-C144-419C-A0BF-1570AB8EFC68}.Debug|x86.Build.0 = Debug|x86
		{3138D338-C144-419C-A0BF-1570AB8EFC68}.Debug-DisabledAnalyzers|x64.ActiveCfg = Debug|x64
		{3138D338-C144-419C-A0BF-1570AB8EFC68}.Debug-DisabledAnalyzers|x64.Build.0 = Debug|x64
		{3138D338-C144-419C-A0BF-1570AB8EFC68}.Debug-DisabledAnalyzers|x86.ActiveCfg = Debug|x86
		{3138D338-C144-419C-A0BF-1570AB8EFC68}.Debug-DisabledAnalyzers|x86.Build.0 = Debug|x86
		{3138D338-C144-419C-A0BF-1570AB8EFC68}.Release|x64.ActiveCfg = Release|x64
		{3138D338-C144-419C-A0BF-1570AB8EFC68}.Release|x64.Build.0 = Release|x64
		{3138D338-C144-419C-A0BF-1570AB8EFC68}.Release|x86.ActiveCfg = Release|x86
		{3138D338-C144-419C-A0BF-1570AB8EFC68}.Release|x86.Build.0 = Release|x86
		{56ADC565-1773-4885-BE81-0BD80EF12258}.Debug|x64.ActiveCfg = Debug|x64
		{56ADC565-1773-4885-BE81-0BD80EF12258}.Debug|x64.Build.0 = Debug|x64
		{56ADC565-1773-4885-BE81-0BD80EF12258}.Debug|x86.ActiveCfg = Debug|x86
		{56ADC565-1773-4885-BE81-0BD80EF12258}.Debug|x86.Build.0 = Debug|x86
		{56ADC565-1773-4885-BE81-0BD80EF12258}.Debug-DisabledAnalyzers|x64.ActiveCfg = Debug-DisabledAnalyzers|x64
		{56ADC565-1773-4885-BE81-0BD80EF12258}.Debug-DisabledAnalyzers|x64.Build.0 = Debug-DisabledAnalyzers|x64
		{56ADC565-1773-4885-BE81-0BD80EF12258}.Debug-DisabledAnalyzers|x86.ActiveCfg = Debug-DisabledAnalyzers|x86
		{56ADC565-1773-4885-BE81-0BD80EF12258}.Debug-DisabledAnalyzers|x86.Build.0 = Debug-DisabledAnalyzers|x86
		{56ADC565-1773-4885-BE81-0BD80EF12258}.Release|x64.ActiveCfg = Release|x64
		{56ADC565-1773-4885-BE81-0BD80EF12258}.Release|x64.Build.0 = Release|x64
		{56ADC565-1773-4885-BE81-0BD80EF12258}.Release|x86.ActiveCfg = Release|x86
		{56ADC565-1773-4885-BE81-0BD80EF12258}.Release|x86.Build.0 = Release|x86
		{F2C90EB2-004E-4485-8805-131362E0DF1D}.Debug|x64.ActiveCfg = Debug|x64
		{F2C90EB2-004E-4485-8805-131362E0DF1D}.Debug|x64.Build.0 = Debug|x64
		{F2C90EB2-004E-4485-8805-131362E0DF1D}.Debug|x86.ActiveCfg = Debug|x86
		{F2C90EB2-004E-4485-8805-131362E0DF1D}.Debug|x86.Build.0 = Debug|x86
		{F2C90EB2-004E-4485-8805-131362E0DF1D}.Debug-DisabledAnalyzers|x64.ActiveCfg = Debug|x64
		{F2C90EB2-004E-4485-8805-131362E0DF1D}.Debug-DisabledAnalyzers|x64.Build.0 = Debug|x64
		{F2C90EB2-004E-4485-8805-131362E0DF1D}.Debug-DisabledAnalyzers|x86.ActiveCfg = Debug|x86
		{F2C90EB2-004E-4485-8805-131362E0DF1D}.Debug-DisabledAnalyzers|x86.Build.0 = Debug|x86
		{F2C90EB2-004E-4485-8805-131362E0DF1D}.Release|x64.ActiveCfg = Release|x64
		{F2C90EB2-004E-4485-8805-131362E0DF1D}.Release|x64.Build.0 = Release|x64
		{F2C90EB2-004E-4485-8805-131362E0DF1D}.Release|x86.ActiveCfg = Release|x86
		{F2C90EB2-004E-4485-8805-131362E0DF1D}.Release|x86.Build.0 = Release|x86
	EndGlobalSection
	GlobalSection(SolutionProperties) = preSolution
		HideSolutionNode = FALSE
	EndGlobalSection
	GlobalSection(ExtensibilityGlobals) = postSolution
		SolutionGuid = {8D5AF279-A733-42D0-9CD0-3F51A1306B26}
	EndGlobalSection
EndGlobal
