
Microsoft Visual Studio Solution File, Format Version 12.00
# Visual Studio Version 16
VisualStudioVersion = 16.0.29209.62
MinimumVisualStudioVersion = 15.0.26124.0
Project("{9A19103F-16F7-4668-BE54-9A1E7A4F7556}") = "Pe.Main", "Pe.Main\Pe.Main.csproj", "{24651B01-A648-4EB8-9032-E928A4EE4771}"
EndProject
Project("{2150E333-8FDC-42A3-9474-1A3956D46DE8}") = "lib", "lib", "{136A9EA3-D95D-4C23-A5EA-DD12A1E09F7B}"
EndProject
Project("{9A19103F-16F7-4668-BE54-9A1E7A4F7556}") = "Pe.Core", "Pe.Core\Pe.Core.csproj", "{7606050A-80E4-44EC-B3B9-C96BFB8A0F21}"
EndProject
Project("{9A19103F-16F7-4668-BE54-9A1E7A4F7556}") = "Pe.PInvoke", "Pe.PInvoke\Pe.PInvoke.csproj", "{72618595-120B-477C-B176-6F360DB3CF52}"
EndProject
Project("{9A19103F-16F7-4668-BE54-9A1E7A4F7556}") = "Pe.Bridge", "Pe.Bridge\Source\Pe.Bridge\Pe.Bridge.csproj", "{4631C335-7AEB-4F25-AC6C-7BFCAAF14100}"
EndProject
Project("{9A19103F-16F7-4668-BE54-9A1E7A4F7556}") = "Pe.Core.Test", "Pe.Core.Test\Pe.Core.Test.csproj", "{E7D054DB-6221-4D87-B860-A9F4E9192273}"
EndProject
Project("{9A19103F-16F7-4668-BE54-9A1E7A4F7556}") = "Pe.Main.Test", "Pe.Main.Test\Pe.Main.Test.csproj", "{68FD49A3-38B5-4ABD-9225-1ABCB626BD4C}"
EndProject
Project("{2150E333-8FDC-42A3-9474-1A3956D46DE8}") = "bin", "bin", "{7D3837B8-F98E-4706-8737-D56F8E833B4D}"
EndProject
Project("{8BC9CEB8-8B4A-11D0-8D11-00A0C91BC942}") = "Pe", "Pe\Pe.vcxproj", "{92130C2C-74BB-446A-9291-FD8C34E0453E}"
EndProject
Global
	GlobalSection(SolutionConfigurationPlatforms) = preSolution
		Debug|x64 = Debug|x64
		Debug|x86 = Debug|x86
		Release|x64 = Release|x64
		Release|x86 = Release|x86
	EndGlobalSection
	GlobalSection(ProjectConfigurationPlatforms) = postSolution
		{24651B01-A648-4EB8-9032-E928A4EE4771}.Debug|x64.ActiveCfg = Debug|x64
		{24651B01-A648-4EB8-9032-E928A4EE4771}.Debug|x64.Build.0 = Debug|x64
		{24651B01-A648-4EB8-9032-E928A4EE4771}.Debug|x86.ActiveCfg = Debug|x86
		{24651B01-A648-4EB8-9032-E928A4EE4771}.Debug|x86.Build.0 = Debug|x86
		{24651B01-A648-4EB8-9032-E928A4EE4771}.Release|x64.ActiveCfg = Release|x64
		{24651B01-A648-4EB8-9032-E928A4EE4771}.Release|x64.Build.0 = Release|x64
		{24651B01-A648-4EB8-9032-E928A4EE4771}.Release|x86.ActiveCfg = Release|x86
		{24651B01-A648-4EB8-9032-E928A4EE4771}.Release|x86.Build.0 = Release|x86
		{7606050A-80E4-44EC-B3B9-C96BFB8A0F21}.Debug|x64.ActiveCfg = Debug|x64
		{7606050A-80E4-44EC-B3B9-C96BFB8A0F21}.Debug|x64.Build.0 = Debug|x64
		{7606050A-80E4-44EC-B3B9-C96BFB8A0F21}.Debug|x86.ActiveCfg = Debug|x86
		{7606050A-80E4-44EC-B3B9-C96BFB8A0F21}.Debug|x86.Build.0 = Debug|x86
		{7606050A-80E4-44EC-B3B9-C96BFB8A0F21}.Release|x64.ActiveCfg = Release|x64
		{7606050A-80E4-44EC-B3B9-C96BFB8A0F21}.Release|x64.Build.0 = Release|x64
		{7606050A-80E4-44EC-B3B9-C96BFB8A0F21}.Release|x86.ActiveCfg = Release|x86
		{7606050A-80E4-44EC-B3B9-C96BFB8A0F21}.Release|x86.Build.0 = Release|x86
		{72618595-120B-477C-B176-6F360DB3CF52}.Debug|x64.ActiveCfg = Debug|x64
		{72618595-120B-477C-B176-6F360DB3CF52}.Debug|x64.Build.0 = Debug|x64
		{72618595-120B-477C-B176-6F360DB3CF52}.Debug|x86.ActiveCfg = Debug|x86
		{72618595-120B-477C-B176-6F360DB3CF52}.Debug|x86.Build.0 = Debug|x86
		{72618595-120B-477C-B176-6F360DB3CF52}.Release|x64.ActiveCfg = Release|x64
		{72618595-120B-477C-B176-6F360DB3CF52}.Release|x64.Build.0 = Release|x64
		{72618595-120B-477C-B176-6F360DB3CF52}.Release|x86.ActiveCfg = Release|x86
		{72618595-120B-477C-B176-6F360DB3CF52}.Release|x86.Build.0 = Release|x86
		{4631C335-7AEB-4F25-AC6C-7BFCAAF14100}.Debug|x64.ActiveCfg = Debug|x64
		{4631C335-7AEB-4F25-AC6C-7BFCAAF14100}.Debug|x64.Build.0 = Debug|x64
		{4631C335-7AEB-4F25-AC6C-7BFCAAF14100}.Debug|x86.ActiveCfg = Debug|x86
		{4631C335-7AEB-4F25-AC6C-7BFCAAF14100}.Debug|x86.Build.0 = Debug|x86
		{4631C335-7AEB-4F25-AC6C-7BFCAAF14100}.Release|x64.ActiveCfg = Release|x64
		{4631C335-7AEB-4F25-AC6C-7BFCAAF14100}.Release|x64.Build.0 = Release|x64
		{4631C335-7AEB-4F25-AC6C-7BFCAAF14100}.Release|x86.ActiveCfg = Release|x86
		{4631C335-7AEB-4F25-AC6C-7BFCAAF14100}.Release|x86.Build.0 = Release|x86
		{E7D054DB-6221-4D87-B860-A9F4E9192273}.Debug|x64.ActiveCfg = Debug|x64
		{E7D054DB-6221-4D87-B860-A9F4E9192273}.Debug|x64.Build.0 = Debug|x64
		{E7D054DB-6221-4D87-B860-A9F4E9192273}.Debug|x86.ActiveCfg = Debug|x86
		{E7D054DB-6221-4D87-B860-A9F4E9192273}.Debug|x86.Build.0 = Debug|x86
		{E7D054DB-6221-4D87-B860-A9F4E9192273}.Release|x64.ActiveCfg = Release|x64
		{E7D054DB-6221-4D87-B860-A9F4E9192273}.Release|x64.Build.0 = Release|x64
		{E7D054DB-6221-4D87-B860-A9F4E9192273}.Release|x86.ActiveCfg = Release|x86
		{E7D054DB-6221-4D87-B860-A9F4E9192273}.Release|x86.Build.0 = Release|x86
		{68FD49A3-38B5-4ABD-9225-1ABCB626BD4C}.Debug|x64.ActiveCfg = Debug|x64
		{68FD49A3-38B5-4ABD-9225-1ABCB626BD4C}.Debug|x64.Build.0 = Debug|x64
		{68FD49A3-38B5-4ABD-9225-1ABCB626BD4C}.Debug|x86.ActiveCfg = Debug|x86
		{68FD49A3-38B5-4ABD-9225-1ABCB626BD4C}.Debug|x86.Build.0 = Debug|x86
		{68FD49A3-38B5-4ABD-9225-1ABCB626BD4C}.Release|x64.ActiveCfg = Release|x64
		{68FD49A3-38B5-4ABD-9225-1ABCB626BD4C}.Release|x64.Build.0 = Release|x64
		{68FD49A3-38B5-4ABD-9225-1ABCB626BD4C}.Release|x86.ActiveCfg = Release|x86
		{68FD49A3-38B5-4ABD-9225-1ABCB626BD4C}.Release|x86.Build.0 = Release|x86
		{92130C2C-74BB-446A-9291-FD8C34E0453E}.Debug|x64.ActiveCfg = Debug|x64
		{92130C2C-74BB-446A-9291-FD8C34E0453E}.Debug|x64.Build.0 = Debug|x64
		{92130C2C-74BB-446A-9291-FD8C34E0453E}.Debug|x86.ActiveCfg = Debug|Win32
		{92130C2C-74BB-446A-9291-FD8C34E0453E}.Debug|x86.Build.0 = Debug|Win32
		{92130C2C-74BB-446A-9291-FD8C34E0453E}.Release|x64.ActiveCfg = Release|Win32
		{92130C2C-74BB-446A-9291-FD8C34E0453E}.Release|x64.Build.0 = Release|Win32
		{92130C2C-74BB-446A-9291-FD8C34E0453E}.Release|x86.ActiveCfg = Release|Win32
		{92130C2C-74BB-446A-9291-FD8C34E0453E}.Release|x86.Build.0 = Release|Win32
	EndGlobalSection
	GlobalSection(SolutionProperties) = preSolution
		HideSolutionNode = FALSE
	EndGlobalSection
	GlobalSection(NestedProjects) = preSolution
		{24651B01-A648-4EB8-9032-E928A4EE4771} = {7D3837B8-F98E-4706-8737-D56F8E833B4D}
		{7606050A-80E4-44EC-B3B9-C96BFB8A0F21} = {136A9EA3-D95D-4C23-A5EA-DD12A1E09F7B}
		{72618595-120B-477C-B176-6F360DB3CF52} = {136A9EA3-D95D-4C23-A5EA-DD12A1E09F7B}
		{4631C335-7AEB-4F25-AC6C-7BFCAAF14100} = {136A9EA3-D95D-4C23-A5EA-DD12A1E09F7B}
		{E7D054DB-6221-4D87-B860-A9F4E9192273} = {136A9EA3-D95D-4C23-A5EA-DD12A1E09F7B}
		{68FD49A3-38B5-4ABD-9225-1ABCB626BD4C} = {7D3837B8-F98E-4706-8737-D56F8E833B4D}
	EndGlobalSection
	GlobalSection(ExtensibilityGlobals) = postSolution
		SolutionGuid = {2A7A6231-6BA0-4928-AF4D-59F81862C278}
	EndGlobalSection
EndGlobal
