
Microsoft Visual Studio Solution File, Format Version 12.00
# Visual Studio Version 17
VisualStudioVersion = 17.0.31903.59
MinimumVisualStudioVersion = 10.0.40219.1
Project("{9A19103F-16F7-4668-BE54-9A1E7A4F7556}") = "Benchmark", "Benchmark.csproj", "{AAC13B29-EC5E-4615-81E3-749556CECF23}"
EndProject
Project("{2150E333-8FDC-42A3-9474-1A3956D46DE8}") = "Pe", "Pe", "{035D146E-B18F-4F14-8699-5A7E86822EE5}"
EndProject
Project("{9A19103F-16F7-4668-BE54-9A1E7A4F7556}") = "Pe.Main", "..\Pe\Pe.Main\Pe.Main.csproj", "{5FC623B2-966B-4613-A53B-A3AC65DDBAF9}"
EndProject
Project("{2150E333-8FDC-42A3-9474-1A3956D46DE8}") = "lib", "lib", "{E19062EF-1472-482E-AA42-665522E9ED7B}"
EndProject
Project("{2150E333-8FDC-42A3-9474-1A3956D46DE8}") = "plugin", "plugin", "{CFDFF2F3-7D86-4A24-89EC-4C5251548BEC}"
EndProject
Project("{9A19103F-16F7-4668-BE54-9A1E7A4F7556}") = "Pe.Core", "..\Pe\Pe.Core\Pe.Core.csproj", "{6BB992E5-D45B-43D7-98C7-F6C8533898EF}"
EndProject
Project("{9A19103F-16F7-4668-BE54-9A1E7A4F7556}") = "Pe.Bridge", "..\Pe\Pe.Bridge\Pe.Bridge.csproj", "{2F078965-249E-4103-9AC7-60008CE1BFB5}"
EndProject
Project("{9A19103F-16F7-4668-BE54-9A1E7A4F7556}") = "Pe.PInvoke", "..\Pe\Pe.PInvoke\Pe.PInvoke.csproj", "{A8C2079F-4C1C-4166-B150-4F0D24344F3E}"
EndProject
Project("{9A19103F-16F7-4668-BE54-9A1E7A4F7556}") = "Pe.Plugins.DefaultTheme", "..\Pe\Pe.Plugins.DefaultTheme\Pe.Plugins.DefaultTheme.csproj", "{537A8721-90D4-4C49-811C-457F65828B86}"
EndProject
Project("{9A19103F-16F7-4668-BE54-9A1E7A4F7556}") = "Pe.Library.Base", "..\Pe\Pe.Library.Base\Pe.Library.Base.csproj", "{7DED2843-A1A8-496B-93E6-B68F76FC6B21}"
EndProject
Project("{2150E333-8FDC-42A3-9474-1A3956D46DE8}") = "standard", "standard", "{A99BC63C-7FEC-422F-9A76-AD1201D216B7}"
EndProject
Project("{9A19103F-16F7-4668-BE54-9A1E7A4F7556}") = "Pe.Library.Database", "..\Pe\Pe.Library.Database\Pe.Library.Database.csproj", "{A5B22D83-0067-495A-84AA-E937A366D984}"
EndProject
Project("{9A19103F-16F7-4668-BE54-9A1E7A4F7556}") = "Pe.Library.DependencyInjection", "..\Pe\Pe.Library.DependencyInjection\Pe.Library.DependencyInjection.csproj", "{1D540342-3899-43BA-AEB1-EB58A9584F79}"
EndProject
Project("{9A19103F-16F7-4668-BE54-9A1E7A4F7556}") = "Pe.Library.Property", "..\Pe\Pe.Library.Property\Pe.Library.Property.csproj", "{CA2F36F1-A571-4DEB-80FF-160B21B40781}"
EndProject
Project("{9A19103F-16F7-4668-BE54-9A1E7A4F7556}") = "Pe.Library.CliProxy", "..\Pe\Pe.Library.CliProxy\Pe.Library.CliProxy.csproj", "{799481AA-2BF8-45E1-AE38-1896F11A2699}"
EndProject
Global
	GlobalSection(SolutionConfigurationPlatforms) = preSolution
		Release|x64 = Release|x64
		Release|x86 = Release|x86
	EndGlobalSection
	GlobalSection(ProjectConfigurationPlatforms) = postSolution
		{AAC13B29-EC5E-4615-81E3-749556CECF23}.Release|x64.ActiveCfg = Release|x64
		{AAC13B29-EC5E-4615-81E3-749556CECF23}.Release|x64.Build.0 = Release|x64
		{AAC13B29-EC5E-4615-81E3-749556CECF23}.Release|x86.ActiveCfg = Release|x86
		{AAC13B29-EC5E-4615-81E3-749556CECF23}.Release|x86.Build.0 = Release|x86
		{5FC623B2-966B-4613-A53B-A3AC65DDBAF9}.Release|x64.ActiveCfg = Release|x64
		{5FC623B2-966B-4613-A53B-A3AC65DDBAF9}.Release|x64.Build.0 = Release|x64
		{5FC623B2-966B-4613-A53B-A3AC65DDBAF9}.Release|x86.ActiveCfg = Release|x86
		{5FC623B2-966B-4613-A53B-A3AC65DDBAF9}.Release|x86.Build.0 = Release|x86
		{6BB992E5-D45B-43D7-98C7-F6C8533898EF}.Release|x64.ActiveCfg = Release|x64
		{6BB992E5-D45B-43D7-98C7-F6C8533898EF}.Release|x64.Build.0 = Release|x64
		{6BB992E5-D45B-43D7-98C7-F6C8533898EF}.Release|x86.ActiveCfg = Release|x86
		{6BB992E5-D45B-43D7-98C7-F6C8533898EF}.Release|x86.Build.0 = Release|x86
		{2F078965-249E-4103-9AC7-60008CE1BFB5}.Release|x64.ActiveCfg = Release|x64
		{2F078965-249E-4103-9AC7-60008CE1BFB5}.Release|x64.Build.0 = Release|x64
		{2F078965-249E-4103-9AC7-60008CE1BFB5}.Release|x86.ActiveCfg = Release|x86
		{2F078965-249E-4103-9AC7-60008CE1BFB5}.Release|x86.Build.0 = Release|x86
		{A8C2079F-4C1C-4166-B150-4F0D24344F3E}.Release|x64.ActiveCfg = Release|x64
		{A8C2079F-4C1C-4166-B150-4F0D24344F3E}.Release|x64.Build.0 = Release|x64
		{A8C2079F-4C1C-4166-B150-4F0D24344F3E}.Release|x86.ActiveCfg = Release|x86
		{A8C2079F-4C1C-4166-B150-4F0D24344F3E}.Release|x86.Build.0 = Release|x86
		{537A8721-90D4-4C49-811C-457F65828B86}.Release|x64.ActiveCfg = Release|x64
		{537A8721-90D4-4C49-811C-457F65828B86}.Release|x64.Build.0 = Release|x64
		{537A8721-90D4-4C49-811C-457F65828B86}.Release|x86.ActiveCfg = Release|x86
		{537A8721-90D4-4C49-811C-457F65828B86}.Release|x86.Build.0 = Release|x86
		{7DED2843-A1A8-496B-93E6-B68F76FC6B21}.Release|x64.ActiveCfg = Release|x64
		{7DED2843-A1A8-496B-93E6-B68F76FC6B21}.Release|x64.Build.0 = Release|x64
		{7DED2843-A1A8-496B-93E6-B68F76FC6B21}.Release|x86.ActiveCfg = Release|x86
		{7DED2843-A1A8-496B-93E6-B68F76FC6B21}.Release|x86.Build.0 = Release|x86
		{A5B22D83-0067-495A-84AA-E937A366D984}.Release|x64.ActiveCfg = Release|x64
		{A5B22D83-0067-495A-84AA-E937A366D984}.Release|x64.Build.0 = Release|x64
		{A5B22D83-0067-495A-84AA-E937A366D984}.Release|x86.ActiveCfg = Release|x86
		{A5B22D83-0067-495A-84AA-E937A366D984}.Release|x86.Build.0 = Release|x86
		{1D540342-3899-43BA-AEB1-EB58A9584F79}.Release|x64.ActiveCfg = Release|x64
		{1D540342-3899-43BA-AEB1-EB58A9584F79}.Release|x64.Build.0 = Release|x64
		{1D540342-3899-43BA-AEB1-EB58A9584F79}.Release|x86.ActiveCfg = Release|x86
		{1D540342-3899-43BA-AEB1-EB58A9584F79}.Release|x86.Build.0 = Release|x86
		{CA2F36F1-A571-4DEB-80FF-160B21B40781}.Release|x64.ActiveCfg = Release|x64
		{CA2F36F1-A571-4DEB-80FF-160B21B40781}.Release|x64.Build.0 = Release|x64
		{CA2F36F1-A571-4DEB-80FF-160B21B40781}.Release|x86.ActiveCfg = Release|x86
		{CA2F36F1-A571-4DEB-80FF-160B21B40781}.Release|x86.Build.0 = Release|x86
		{799481AA-2BF8-45E1-AE38-1896F11A2699}.Release|x64.ActiveCfg = Release|x64
		{799481AA-2BF8-45E1-AE38-1896F11A2699}.Release|x64.Build.0 = Release|x64
		{799481AA-2BF8-45E1-AE38-1896F11A2699}.Release|x86.ActiveCfg = Release|x86
		{799481AA-2BF8-45E1-AE38-1896F11A2699}.Release|x86.Build.0 = Release|x86
	EndGlobalSection
	GlobalSection(SolutionProperties) = preSolution
		HideSolutionNode = FALSE
	EndGlobalSection
	GlobalSection(NestedProjects) = preSolution
		{5FC623B2-966B-4613-A53B-A3AC65DDBAF9} = {035D146E-B18F-4F14-8699-5A7E86822EE5}
		{E19062EF-1472-482E-AA42-665522E9ED7B} = {035D146E-B18F-4F14-8699-5A7E86822EE5}
		{CFDFF2F3-7D86-4A24-89EC-4C5251548BEC} = {E19062EF-1472-482E-AA42-665522E9ED7B}
		{6BB992E5-D45B-43D7-98C7-F6C8533898EF} = {E19062EF-1472-482E-AA42-665522E9ED7B}
		{2F078965-249E-4103-9AC7-60008CE1BFB5} = {E19062EF-1472-482E-AA42-665522E9ED7B}
		{A8C2079F-4C1C-4166-B150-4F0D24344F3E} = {E19062EF-1472-482E-AA42-665522E9ED7B}
		{537A8721-90D4-4C49-811C-457F65828B86} = {CFDFF2F3-7D86-4A24-89EC-4C5251548BEC}
		{7DED2843-A1A8-496B-93E6-B68F76FC6B21} = {A99BC63C-7FEC-422F-9A76-AD1201D216B7}
		{A99BC63C-7FEC-422F-9A76-AD1201D216B7} = {E19062EF-1472-482E-AA42-665522E9ED7B}
		{A5B22D83-0067-495A-84AA-E937A366D984} = {A99BC63C-7FEC-422F-9A76-AD1201D216B7}
		{1D540342-3899-43BA-AEB1-EB58A9584F79} = {A99BC63C-7FEC-422F-9A76-AD1201D216B7}
		{CA2F36F1-A571-4DEB-80FF-160B21B40781} = {A99BC63C-7FEC-422F-9A76-AD1201D216B7}
		{799481AA-2BF8-45E1-AE38-1896F11A2699} = {A99BC63C-7FEC-422F-9A76-AD1201D216B7}
	EndGlobalSection
	GlobalSection(ExtensibilityGlobals) = postSolution
		SolutionGuid = {78A52B18-BFFB-4349-8EA1-EFA11783A571}
	EndGlobalSection
EndGlobal
