
Microsoft Visual Studio Solution File, Format Version 12.00
# Visual Studio Version 16
VisualStudioVersion = 16.0.29920.165
MinimumVisualStudioVersion = 10.0.40219.1
Project("{9A19103F-16F7-4668-BE54-9A1E7A4F7556}") = "Benchmark", "Benchmark\Benchmark.csproj", "{AAC13B29-EC5E-4615-81E3-749556CECF23}"
EndProject
Project("{9A19103F-16F7-4668-BE54-9A1E7A4F7556}") = "Pe.Main", "..\Pe\Pe.Main\Pe.Main.csproj", "{B97BCB11-5F8C-4525-A673-440FD42A1137}"
EndProject
Project("{2150E333-8FDC-42A3-9474-1A3956D46DE8}") = "Pe", "Pe", "{6F95F2E7-18FE-42C2-8C75-9B289AA2B8F7}"
EndProject
Project("{9A19103F-16F7-4668-BE54-9A1E7A4F7556}") = "Pe.Core", "..\Pe\Pe.Core\Pe.Core.csproj", "{9994AC49-6823-410B-A948-3DBCD0AFB482}"
EndProject
Project("{9A19103F-16F7-4668-BE54-9A1E7A4F7556}") = "Pe.Bridge", "..\Pe\Pe.Bridge\Pe.Bridge.csproj", "{E2910B25-6012-4CA5-89D2-CEA90B97BE0B}"
EndProject
Project("{9A19103F-16F7-4668-BE54-9A1E7A4F7556}") = "Pe.PInvoke", "..\Pe\Pe.PInvoke\Pe.PInvoke.csproj", "{187404A2-074E-42A7-96C7-21EFA492A71F}"
EndProject
Project("{9A19103F-16F7-4668-BE54-9A1E7A4F7556}") = "Pe.Plugins.DefaultTheme", "..\Pe\Pe.Plugins.DefaultTheme\Pe.Plugins.DefaultTheme.csproj", "{E2B39D30-6B8D-4248-AB28-30BB5BE711F9}"
EndProject
Project("{2150E333-8FDC-42A3-9474-1A3956D46DE8}") = "bridge", "bridge", "{EF43514C-B197-4F0D-AD3D-A66D4F67FC05}"
EndProject
Project("{2150E333-8FDC-42A3-9474-1A3956D46DE8}") = "lib", "lib", "{160EFBC0-FE9B-4A9C-AAF0-CB971B946393}"
EndProject
Project("{2150E333-8FDC-42A3-9474-1A3956D46DE8}") = "plugins", "plugins", "{A7283D58-72C2-4C06-86C3-7F668B5B987D}"
EndProject
Global
	GlobalSection(SolutionConfigurationPlatforms) = preSolution
		Release|x64 = Release|x64
		Release|x86 = Release|x86
	EndGlobalSection
	GlobalSection(ProjectConfigurationPlatforms) = postSolution
		{AAC13B29-EC5E-4615-81E3-749556CECF23}.Release|x64.ActiveCfg = Release|x64
		{AAC13B29-EC5E-4615-81E3-749556CECF23}.Release|x64.Build.0 = Release|x64
		{AAC13B29-EC5E-4615-81E3-749556CECF23}.Release|x86.ActiveCfg = Release|x86
		{AAC13B29-EC5E-4615-81E3-749556CECF23}.Release|x86.Build.0 = Release|x86
		{B97BCB11-5F8C-4525-A673-440FD42A1137}.Release|x64.ActiveCfg = Release|x64
		{B97BCB11-5F8C-4525-A673-440FD42A1137}.Release|x64.Build.0 = Release|x64
		{B97BCB11-5F8C-4525-A673-440FD42A1137}.Release|x86.ActiveCfg = Release|x86
		{B97BCB11-5F8C-4525-A673-440FD42A1137}.Release|x86.Build.0 = Release|x86
		{9994AC49-6823-410B-A948-3DBCD0AFB482}.Release|x64.ActiveCfg = Release|x64
		{9994AC49-6823-410B-A948-3DBCD0AFB482}.Release|x64.Build.0 = Release|x64
		{9994AC49-6823-410B-A948-3DBCD0AFB482}.Release|x86.ActiveCfg = Release|x86
		{9994AC49-6823-410B-A948-3DBCD0AFB482}.Release|x86.Build.0 = Release|x86
		{E2910B25-6012-4CA5-89D2-CEA90B97BE0B}.Release|x64.ActiveCfg = Release|x64
		{E2910B25-6012-4CA5-89D2-CEA90B97BE0B}.Release|x64.Build.0 = Release|x64
		{E2910B25-6012-4CA5-89D2-CEA90B97BE0B}.Release|x86.ActiveCfg = Release|x86
		{E2910B25-6012-4CA5-89D2-CEA90B97BE0B}.Release|x86.Build.0 = Release|x86
		{187404A2-074E-42A7-96C7-21EFA492A71F}.Release|x64.ActiveCfg = Release|x64
		{187404A2-074E-42A7-96C7-21EFA492A71F}.Release|x64.Build.0 = Release|x64
		{187404A2-074E-42A7-96C7-21EFA492A71F}.Release|x86.ActiveCfg = Release|x86
		{187404A2-074E-42A7-96C7-21EFA492A71F}.Release|x86.Build.0 = Release|x86
		{E2B39D30-6B8D-4248-AB28-30BB5BE711F9}.Release|x64.ActiveCfg = Release|x64
		{E2B39D30-6B8D-4248-AB28-30BB5BE711F9}.Release|x64.Build.0 = Release|x64
		{E2B39D30-6B8D-4248-AB28-30BB5BE711F9}.Release|x86.ActiveCfg = Release|x86
		{E2B39D30-6B8D-4248-AB28-30BB5BE711F9}.Release|x86.Build.0 = Release|x86
	EndGlobalSection
	GlobalSection(SolutionProperties) = preSolution
		HideSolutionNode = FALSE
	EndGlobalSection
	GlobalSection(NestedProjects) = preSolution
		{B97BCB11-5F8C-4525-A673-440FD42A1137} = {6F95F2E7-18FE-42C2-8C75-9B289AA2B8F7}
		{9994AC49-6823-410B-A948-3DBCD0AFB482} = {160EFBC0-FE9B-4A9C-AAF0-CB971B946393}
		{E2910B25-6012-4CA5-89D2-CEA90B97BE0B} = {EF43514C-B197-4F0D-AD3D-A66D4F67FC05}
		{187404A2-074E-42A7-96C7-21EFA492A71F} = {160EFBC0-FE9B-4A9C-AAF0-CB971B946393}
		{E2B39D30-6B8D-4248-AB28-30BB5BE711F9} = {A7283D58-72C2-4C06-86C3-7F668B5B987D}
		{EF43514C-B197-4F0D-AD3D-A66D4F67FC05} = {6F95F2E7-18FE-42C2-8C75-9B289AA2B8F7}
		{160EFBC0-FE9B-4A9C-AAF0-CB971B946393} = {6F95F2E7-18FE-42C2-8C75-9B289AA2B8F7}
		{A7283D58-72C2-4C06-86C3-7F668B5B987D} = {160EFBC0-FE9B-4A9C-AAF0-CB971B946393}
	EndGlobalSection
	GlobalSection(ExtensibilityGlobals) = postSolution
		SolutionGuid = {78A52B18-BFFB-4349-8EA1-EFA11783A571}
	EndGlobalSection
EndGlobal
