
Microsoft Visual Studio Solution File, Format Version 12.00
# Visual Studio Version 16
VisualStudioVersion = 16.0.30114.105
MinimumVisualStudioVersion = 10.0.40219.1
Project("{2150E333-8FDC-42A3-9474-1A3956D46DE8}") = "Pe", "Pe", "{5F4E5428-D9CB-40DD-BB8E-5C62B0EC89C1}"
EndProject
Project("{9A19103F-16F7-4668-BE54-9A1E7A4F7556}") = "Pe.Plugins.ClassicTheme", "Pe.Plugins.ClassicTheme\Pe.Plugins.ClassicTheme.csproj", "{F4668D98-D214-4798-9A66-9637CCBE822C}"
EndProject
Project("{9A19103F-16F7-4668-BE54-9A1E7A4F7556}") = "Pe.Bridge", "..\Pe\Pe.Bridge\Source\Pe.Bridge\Pe.Bridge.csproj", "{384BE820-2F92-411C-9993-3F533021519B}"
EndProject
Project("{9A19103F-16F7-4668-BE54-9A1E7A4F7556}") = "Pe.Main", "..\Pe\Pe.Main\Pe.Main.csproj", "{C0FD4365-AB1A-425D-8C5C-B229C687E371}"
EndProject
Project("{9A19103F-16F7-4668-BE54-9A1E7A4F7556}") = "Pe.Core", "..\Pe\Pe.Core\Pe.Core.csproj", "{4ADC99CE-F83E-482C-8FC7-FD2F4E974884}"
EndProject
Project("{9A19103F-16F7-4668-BE54-9A1E7A4F7556}") = "Pe.Plugins.FileFinder", "Pe.Plugins.FileFinder\Pe.Plugins.FileFinder.csproj", "{04E4AC16-12E4-48FB-BB35-D25D821FA599}"
EndProject
Project("{9A19103F-16F7-4668-BE54-9A1E7A4F7556}") = "Pe.Plugins.Clock", "Pe.Plugins.Clock\Pe.Plugins.Clock.csproj", "{49CD41D0-FC11-4D95-B050-79CE8FCD2863}"
EndProject
Project("{9A19103F-16F7-4668-BE54-9A1E7A4F7556}") = "Pe.PInvoke", "..\Pe\Pe.PInvoke\Pe.PInvoke.csproj", "{ECAA9C2D-900B-4F36-8EAB-147C9B99A363}"
EndProject
Project("{9A19103F-16F7-4668-BE54-9A1E7A4F7556}") = "Pe.Plugins.DefaultTheme", "..\Pe\Pe.Plugins.DefaultTheme\Pe.Plugins.DefaultTheme.csproj", "{53538738-2841-45F7-8CFA-41B757570F17}"
EndProject
Project("{2150E333-8FDC-42A3-9474-1A3956D46DE8}") = "bridge", "bridge", "{47512DF7-DD15-45F2-AC0E-8BF0A8AA5699}"
EndProject
Project("{2150E333-8FDC-42A3-9474-1A3956D46DE8}") = "lib", "lib", "{F99C3BEF-7968-4E3A-8B5C-8AF2B127D351}"
EndProject
Project("{2150E333-8FDC-42A3-9474-1A3956D46DE8}") = "plugins", "plugins", "{822FF1CD-17FC-4A0C-9C02-6BC9FB113BDF}"
EndProject
Project("{9A19103F-16F7-4668-BE54-9A1E7A4F7556}") = "Pe.Embedded", "..\Pe\Pe.Bridge\Source\Pe.Embedded\Pe.Embedded.csproj", "{36EDDBED-D1C6-4643-A693-D575C2D7DBC3}"
EndProject
Project("{FAE04EC0-301F-11D3-BF4B-00C04F79EFBC}") = "Pe.Plugins.Eyes", "Pe.Plugins.Eyes\Pe.Plugins.Eyes.csproj", "{44A80EE7-23F9-4F87-90F2-C07B9176755C}"
EndProject
Global
	GlobalSection(SolutionConfigurationPlatforms) = preSolution
		Debug|Any CPU = Debug|Any CPU
		Debug|x64 = Debug|x64
		Debug|x86 = Debug|x86
		Debug-DisabledAnalyzers|Any CPU = Debug-DisabledAnalyzers|Any CPU
		Debug-DisabledAnalyzers|x64 = Debug-DisabledAnalyzers|x64
		Debug-DisabledAnalyzers|x86 = Debug-DisabledAnalyzers|x86
		Release|Any CPU = Release|Any CPU
		Release|x64 = Release|x64
		Release|x86 = Release|x86
	EndGlobalSection
	GlobalSection(ProjectConfigurationPlatforms) = postSolution
		{F4668D98-D214-4798-9A66-9637CCBE822C}.Debug|Any CPU.ActiveCfg = Debug|Any CPU
		{F4668D98-D214-4798-9A66-9637CCBE822C}.Debug|Any CPU.Build.0 = Debug|Any CPU
		{F4668D98-D214-4798-9A66-9637CCBE822C}.Debug|x64.ActiveCfg = Debug|Any CPU
		{F4668D98-D214-4798-9A66-9637CCBE822C}.Debug|x64.Build.0 = Debug|Any CPU
		{F4668D98-D214-4798-9A66-9637CCBE822C}.Debug|x86.ActiveCfg = Debug|Any CPU
		{F4668D98-D214-4798-9A66-9637CCBE822C}.Debug|x86.Build.0 = Debug|Any CPU
		{F4668D98-D214-4798-9A66-9637CCBE822C}.Debug-DisabledAnalyzers|Any CPU.ActiveCfg = Debug|Any CPU
		{F4668D98-D214-4798-9A66-9637CCBE822C}.Debug-DisabledAnalyzers|Any CPU.Build.0 = Debug|Any CPU
		{F4668D98-D214-4798-9A66-9637CCBE822C}.Debug-DisabledAnalyzers|x64.ActiveCfg = Debug|Any CPU
		{F4668D98-D214-4798-9A66-9637CCBE822C}.Debug-DisabledAnalyzers|x64.Build.0 = Debug|Any CPU
		{F4668D98-D214-4798-9A66-9637CCBE822C}.Debug-DisabledAnalyzers|x86.ActiveCfg = Debug|Any CPU
		{F4668D98-D214-4798-9A66-9637CCBE822C}.Debug-DisabledAnalyzers|x86.Build.0 = Debug|Any CPU
		{F4668D98-D214-4798-9A66-9637CCBE822C}.Release|Any CPU.ActiveCfg = Release|Any CPU
		{F4668D98-D214-4798-9A66-9637CCBE822C}.Release|Any CPU.Build.0 = Release|Any CPU
		{F4668D98-D214-4798-9A66-9637CCBE822C}.Release|x64.ActiveCfg = Release|Any CPU
		{F4668D98-D214-4798-9A66-9637CCBE822C}.Release|x64.Build.0 = Release|Any CPU
		{F4668D98-D214-4798-9A66-9637CCBE822C}.Release|x86.ActiveCfg = Release|Any CPU
		{F4668D98-D214-4798-9A66-9637CCBE822C}.Release|x86.Build.0 = Release|Any CPU
		{384BE820-2F92-411C-9993-3F533021519B}.Debug|Any CPU.ActiveCfg = Debug|Any CPU
		{384BE820-2F92-411C-9993-3F533021519B}.Debug|Any CPU.Build.0 = Debug|Any CPU
		{384BE820-2F92-411C-9993-3F533021519B}.Debug|x64.ActiveCfg = Debug|x64
		{384BE820-2F92-411C-9993-3F533021519B}.Debug|x64.Build.0 = Debug|x64
		{384BE820-2F92-411C-9993-3F533021519B}.Debug|x86.ActiveCfg = Debug|x86
		{384BE820-2F92-411C-9993-3F533021519B}.Debug|x86.Build.0 = Debug|x86
		{384BE820-2F92-411C-9993-3F533021519B}.Debug-DisabledAnalyzers|Any CPU.ActiveCfg = Debug-DisabledAnalyzers|Any CPU
		{384BE820-2F92-411C-9993-3F533021519B}.Debug-DisabledAnalyzers|Any CPU.Build.0 = Debug-DisabledAnalyzers|Any CPU
		{384BE820-2F92-411C-9993-3F533021519B}.Debug-DisabledAnalyzers|x64.ActiveCfg = Debug-DisabledAnalyzers|x64
		{384BE820-2F92-411C-9993-3F533021519B}.Debug-DisabledAnalyzers|x64.Build.0 = Debug-DisabledAnalyzers|x64
		{384BE820-2F92-411C-9993-3F533021519B}.Debug-DisabledAnalyzers|x86.ActiveCfg = Debug-DisabledAnalyzers|x86
		{384BE820-2F92-411C-9993-3F533021519B}.Debug-DisabledAnalyzers|x86.Build.0 = Debug-DisabledAnalyzers|x86
		{384BE820-2F92-411C-9993-3F533021519B}.Release|Any CPU.ActiveCfg = Release|Any CPU
		{384BE820-2F92-411C-9993-3F533021519B}.Release|Any CPU.Build.0 = Release|Any CPU
		{384BE820-2F92-411C-9993-3F533021519B}.Release|x64.ActiveCfg = Release|x64
		{384BE820-2F92-411C-9993-3F533021519B}.Release|x64.Build.0 = Release|x64
		{384BE820-2F92-411C-9993-3F533021519B}.Release|x86.ActiveCfg = Release|x86
		{384BE820-2F92-411C-9993-3F533021519B}.Release|x86.Build.0 = Release|x86
		{C0FD4365-AB1A-425D-8C5C-B229C687E371}.Debug|Any CPU.ActiveCfg = Debug|x64
		{C0FD4365-AB1A-425D-8C5C-B229C687E371}.Debug|Any CPU.Build.0 = Debug|x64
		{C0FD4365-AB1A-425D-8C5C-B229C687E371}.Debug|x64.ActiveCfg = Debug|x64
		{C0FD4365-AB1A-425D-8C5C-B229C687E371}.Debug|x64.Build.0 = Debug|x64
		{C0FD4365-AB1A-425D-8C5C-B229C687E371}.Debug|x86.ActiveCfg = Debug|x86
		{C0FD4365-AB1A-425D-8C5C-B229C687E371}.Debug|x86.Build.0 = Debug|x86
		{C0FD4365-AB1A-425D-8C5C-B229C687E371}.Debug-DisabledAnalyzers|Any CPU.ActiveCfg = Debug-DisabledAnalyzers|x64
		{C0FD4365-AB1A-425D-8C5C-B229C687E371}.Debug-DisabledAnalyzers|Any CPU.Build.0 = Debug-DisabledAnalyzers|x64
		{C0FD4365-AB1A-425D-8C5C-B229C687E371}.Debug-DisabledAnalyzers|x64.ActiveCfg = Debug-DisabledAnalyzers|x64
		{C0FD4365-AB1A-425D-8C5C-B229C687E371}.Debug-DisabledAnalyzers|x64.Build.0 = Debug-DisabledAnalyzers|x64
		{C0FD4365-AB1A-425D-8C5C-B229C687E371}.Debug-DisabledAnalyzers|x86.ActiveCfg = Debug-DisabledAnalyzers|x86
		{C0FD4365-AB1A-425D-8C5C-B229C687E371}.Debug-DisabledAnalyzers|x86.Build.0 = Debug-DisabledAnalyzers|x86
		{C0FD4365-AB1A-425D-8C5C-B229C687E371}.Release|Any CPU.ActiveCfg = Release|x64
		{C0FD4365-AB1A-425D-8C5C-B229C687E371}.Release|Any CPU.Build.0 = Release|x64
		{C0FD4365-AB1A-425D-8C5C-B229C687E371}.Release|x64.ActiveCfg = Release|x64
		{C0FD4365-AB1A-425D-8C5C-B229C687E371}.Release|x64.Build.0 = Release|x64
		{C0FD4365-AB1A-425D-8C5C-B229C687E371}.Release|x86.ActiveCfg = Release|x86
		{C0FD4365-AB1A-425D-8C5C-B229C687E371}.Release|x86.Build.0 = Release|x86
		{4ADC99CE-F83E-482C-8FC7-FD2F4E974884}.Debug|Any CPU.ActiveCfg = Debug|x64
		{4ADC99CE-F83E-482C-8FC7-FD2F4E974884}.Debug|Any CPU.Build.0 = Debug|x64
		{4ADC99CE-F83E-482C-8FC7-FD2F4E974884}.Debug|x64.ActiveCfg = Debug|x64
		{4ADC99CE-F83E-482C-8FC7-FD2F4E974884}.Debug|x64.Build.0 = Debug|x64
		{4ADC99CE-F83E-482C-8FC7-FD2F4E974884}.Debug|x86.ActiveCfg = Debug|x86
		{4ADC99CE-F83E-482C-8FC7-FD2F4E974884}.Debug|x86.Build.0 = Debug|x86
		{4ADC99CE-F83E-482C-8FC7-FD2F4E974884}.Debug-DisabledAnalyzers|Any CPU.ActiveCfg = Debug-DisabledAnalyzers|x64
		{4ADC99CE-F83E-482C-8FC7-FD2F4E974884}.Debug-DisabledAnalyzers|Any CPU.Build.0 = Debug-DisabledAnalyzers|x64
		{4ADC99CE-F83E-482C-8FC7-FD2F4E974884}.Debug-DisabledAnalyzers|x64.ActiveCfg = Debug-DisabledAnalyzers|x64
		{4ADC99CE-F83E-482C-8FC7-FD2F4E974884}.Debug-DisabledAnalyzers|x64.Build.0 = Debug-DisabledAnalyzers|x64
		{4ADC99CE-F83E-482C-8FC7-FD2F4E974884}.Debug-DisabledAnalyzers|x86.ActiveCfg = Debug-DisabledAnalyzers|x86
		{4ADC99CE-F83E-482C-8FC7-FD2F4E974884}.Debug-DisabledAnalyzers|x86.Build.0 = Debug-DisabledAnalyzers|x86
		{4ADC99CE-F83E-482C-8FC7-FD2F4E974884}.Release|Any CPU.ActiveCfg = Release|x64
		{4ADC99CE-F83E-482C-8FC7-FD2F4E974884}.Release|Any CPU.Build.0 = Release|x64
		{4ADC99CE-F83E-482C-8FC7-FD2F4E974884}.Release|x64.ActiveCfg = Release|x64
		{4ADC99CE-F83E-482C-8FC7-FD2F4E974884}.Release|x64.Build.0 = Release|x64
		{4ADC99CE-F83E-482C-8FC7-FD2F4E974884}.Release|x86.ActiveCfg = Release|x86
		{4ADC99CE-F83E-482C-8FC7-FD2F4E974884}.Release|x86.Build.0 = Release|x86
		{04E4AC16-12E4-48FB-BB35-D25D821FA599}.Debug|Any CPU.ActiveCfg = Debug|Any CPU
		{04E4AC16-12E4-48FB-BB35-D25D821FA599}.Debug|Any CPU.Build.0 = Debug|Any CPU
		{04E4AC16-12E4-48FB-BB35-D25D821FA599}.Debug|x64.ActiveCfg = Debug|Any CPU
		{04E4AC16-12E4-48FB-BB35-D25D821FA599}.Debug|x64.Build.0 = Debug|Any CPU
		{04E4AC16-12E4-48FB-BB35-D25D821FA599}.Debug|x86.ActiveCfg = Debug|Any CPU
		{04E4AC16-12E4-48FB-BB35-D25D821FA599}.Debug|x86.Build.0 = Debug|Any CPU
		{04E4AC16-12E4-48FB-BB35-D25D821FA599}.Debug-DisabledAnalyzers|Any CPU.ActiveCfg = Debug|Any CPU
		{04E4AC16-12E4-48FB-BB35-D25D821FA599}.Debug-DisabledAnalyzers|Any CPU.Build.0 = Debug|Any CPU
		{04E4AC16-12E4-48FB-BB35-D25D821FA599}.Debug-DisabledAnalyzers|x64.ActiveCfg = Debug|Any CPU
		{04E4AC16-12E4-48FB-BB35-D25D821FA599}.Debug-DisabledAnalyzers|x64.Build.0 = Debug|Any CPU
		{04E4AC16-12E4-48FB-BB35-D25D821FA599}.Debug-DisabledAnalyzers|x86.ActiveCfg = Debug|Any CPU
		{04E4AC16-12E4-48FB-BB35-D25D821FA599}.Debug-DisabledAnalyzers|x86.Build.0 = Debug|Any CPU
		{04E4AC16-12E4-48FB-BB35-D25D821FA599}.Release|Any CPU.ActiveCfg = Release|Any CPU
		{04E4AC16-12E4-48FB-BB35-D25D821FA599}.Release|Any CPU.Build.0 = Release|Any CPU
		{04E4AC16-12E4-48FB-BB35-D25D821FA599}.Release|x64.ActiveCfg = Release|Any CPU
		{04E4AC16-12E4-48FB-BB35-D25D821FA599}.Release|x64.Build.0 = Release|Any CPU
		{04E4AC16-12E4-48FB-BB35-D25D821FA599}.Release|x86.ActiveCfg = Release|Any CPU
		{04E4AC16-12E4-48FB-BB35-D25D821FA599}.Release|x86.Build.0 = Release|Any CPU
		{49CD41D0-FC11-4D95-B050-79CE8FCD2863}.Debug|Any CPU.ActiveCfg = Debug|Any CPU
		{49CD41D0-FC11-4D95-B050-79CE8FCD2863}.Debug|Any CPU.Build.0 = Debug|Any CPU
		{49CD41D0-FC11-4D95-B050-79CE8FCD2863}.Debug|x64.ActiveCfg = Debug|Any CPU
		{49CD41D0-FC11-4D95-B050-79CE8FCD2863}.Debug|x64.Build.0 = Debug|Any CPU
		{49CD41D0-FC11-4D95-B050-79CE8FCD2863}.Debug|x86.ActiveCfg = Debug|Any CPU
		{49CD41D0-FC11-4D95-B050-79CE8FCD2863}.Debug|x86.Build.0 = Debug|Any CPU
		{49CD41D0-FC11-4D95-B050-79CE8FCD2863}.Debug-DisabledAnalyzers|Any CPU.ActiveCfg = Debug|Any CPU
		{49CD41D0-FC11-4D95-B050-79CE8FCD2863}.Debug-DisabledAnalyzers|Any CPU.Build.0 = Debug|Any CPU
		{49CD41D0-FC11-4D95-B050-79CE8FCD2863}.Debug-DisabledAnalyzers|x64.ActiveCfg = Debug|Any CPU
		{49CD41D0-FC11-4D95-B050-79CE8FCD2863}.Debug-DisabledAnalyzers|x64.Build.0 = Debug|Any CPU
		{49CD41D0-FC11-4D95-B050-79CE8FCD2863}.Debug-DisabledAnalyzers|x86.ActiveCfg = Debug|Any CPU
		{49CD41D0-FC11-4D95-B050-79CE8FCD2863}.Debug-DisabledAnalyzers|x86.Build.0 = Debug|Any CPU
		{49CD41D0-FC11-4D95-B050-79CE8FCD2863}.Release|Any CPU.ActiveCfg = Release|Any CPU
		{49CD41D0-FC11-4D95-B050-79CE8FCD2863}.Release|Any CPU.Build.0 = Release|Any CPU
		{49CD41D0-FC11-4D95-B050-79CE8FCD2863}.Release|x64.ActiveCfg = Release|Any CPU
		{49CD41D0-FC11-4D95-B050-79CE8FCD2863}.Release|x64.Build.0 = Release|Any CPU
		{49CD41D0-FC11-4D95-B050-79CE8FCD2863}.Release|x86.ActiveCfg = Release|Any CPU
		{49CD41D0-FC11-4D95-B050-79CE8FCD2863}.Release|x86.Build.0 = Release|Any CPU
		{ECAA9C2D-900B-4F36-8EAB-147C9B99A363}.Debug|Any CPU.ActiveCfg = Debug|x64
		{ECAA9C2D-900B-4F36-8EAB-147C9B99A363}.Debug|Any CPU.Build.0 = Debug|x64
		{ECAA9C2D-900B-4F36-8EAB-147C9B99A363}.Debug|x64.ActiveCfg = Debug|x64
		{ECAA9C2D-900B-4F36-8EAB-147C9B99A363}.Debug|x64.Build.0 = Debug|x64
		{ECAA9C2D-900B-4F36-8EAB-147C9B99A363}.Debug|x86.ActiveCfg = Debug|x86
		{ECAA9C2D-900B-4F36-8EAB-147C9B99A363}.Debug|x86.Build.0 = Debug|x86
		{ECAA9C2D-900B-4F36-8EAB-147C9B99A363}.Debug-DisabledAnalyzers|Any CPU.ActiveCfg = Debug|x64
		{ECAA9C2D-900B-4F36-8EAB-147C9B99A363}.Debug-DisabledAnalyzers|Any CPU.Build.0 = Debug|x64
		{ECAA9C2D-900B-4F36-8EAB-147C9B99A363}.Debug-DisabledAnalyzers|x64.ActiveCfg = Debug|x64
		{ECAA9C2D-900B-4F36-8EAB-147C9B99A363}.Debug-DisabledAnalyzers|x64.Build.0 = Debug|x64
		{ECAA9C2D-900B-4F36-8EAB-147C9B99A363}.Debug-DisabledAnalyzers|x86.ActiveCfg = Debug|x86
		{ECAA9C2D-900B-4F36-8EAB-147C9B99A363}.Debug-DisabledAnalyzers|x86.Build.0 = Debug|x86
		{ECAA9C2D-900B-4F36-8EAB-147C9B99A363}.Release|Any CPU.ActiveCfg = Release|x64
		{ECAA9C2D-900B-4F36-8EAB-147C9B99A363}.Release|Any CPU.Build.0 = Release|x64
		{ECAA9C2D-900B-4F36-8EAB-147C9B99A363}.Release|x64.ActiveCfg = Release|x64
		{ECAA9C2D-900B-4F36-8EAB-147C9B99A363}.Release|x64.Build.0 = Release|x64
		{ECAA9C2D-900B-4F36-8EAB-147C9B99A363}.Release|x86.ActiveCfg = Release|x86
		{ECAA9C2D-900B-4F36-8EAB-147C9B99A363}.Release|x86.Build.0 = Release|x86
		{53538738-2841-45F7-8CFA-41B757570F17}.Debug|Any CPU.ActiveCfg = Debug|x64
		{53538738-2841-45F7-8CFA-41B757570F17}.Debug|Any CPU.Build.0 = Debug|x64
		{53538738-2841-45F7-8CFA-41B757570F17}.Debug|x64.ActiveCfg = Debug|x64
		{53538738-2841-45F7-8CFA-41B757570F17}.Debug|x64.Build.0 = Debug|x64
		{53538738-2841-45F7-8CFA-41B757570F17}.Debug|x86.ActiveCfg = Debug|x86
		{53538738-2841-45F7-8CFA-41B757570F17}.Debug|x86.Build.0 = Debug|x86
		{53538738-2841-45F7-8CFA-41B757570F17}.Debug-DisabledAnalyzers|Any CPU.ActiveCfg = Debug-DisabledAnalyzers|x64
		{53538738-2841-45F7-8CFA-41B757570F17}.Debug-DisabledAnalyzers|Any CPU.Build.0 = Debug-DisabledAnalyzers|x64
		{53538738-2841-45F7-8CFA-41B757570F17}.Debug-DisabledAnalyzers|x64.ActiveCfg = Debug-DisabledAnalyzers|x64
		{53538738-2841-45F7-8CFA-41B757570F17}.Debug-DisabledAnalyzers|x64.Build.0 = Debug-DisabledAnalyzers|x64
		{53538738-2841-45F7-8CFA-41B757570F17}.Debug-DisabledAnalyzers|x86.ActiveCfg = Debug-DisabledAnalyzers|x86
		{53538738-2841-45F7-8CFA-41B757570F17}.Debug-DisabledAnalyzers|x86.Build.0 = Debug-DisabledAnalyzers|x86
		{53538738-2841-45F7-8CFA-41B757570F17}.Release|Any CPU.ActiveCfg = Release|x64
		{53538738-2841-45F7-8CFA-41B757570F17}.Release|Any CPU.Build.0 = Release|x64
		{53538738-2841-45F7-8CFA-41B757570F17}.Release|x64.ActiveCfg = Release|x64
		{53538738-2841-45F7-8CFA-41B757570F17}.Release|x64.Build.0 = Release|x64
		{53538738-2841-45F7-8CFA-41B757570F17}.Release|x86.ActiveCfg = Release|x86
		{53538738-2841-45F7-8CFA-41B757570F17}.Release|x86.Build.0 = Release|x86
		{36EDDBED-D1C6-4643-A693-D575C2D7DBC3}.Debug|Any CPU.ActiveCfg = Debug|Any CPU
		{36EDDBED-D1C6-4643-A693-D575C2D7DBC3}.Debug|Any CPU.Build.0 = Debug|Any CPU
		{36EDDBED-D1C6-4643-A693-D575C2D7DBC3}.Debug|x64.ActiveCfg = Debug|x64
		{36EDDBED-D1C6-4643-A693-D575C2D7DBC3}.Debug|x64.Build.0 = Debug|x64
		{36EDDBED-D1C6-4643-A693-D575C2D7DBC3}.Debug|x86.ActiveCfg = Debug|x86
		{36EDDBED-D1C6-4643-A693-D575C2D7DBC3}.Debug|x86.Build.0 = Debug|x86
		{36EDDBED-D1C6-4643-A693-D575C2D7DBC3}.Debug-DisabledAnalyzers|Any CPU.ActiveCfg = Debug-DisabledAnalyzers|Any CPU
		{36EDDBED-D1C6-4643-A693-D575C2D7DBC3}.Debug-DisabledAnalyzers|Any CPU.Build.0 = Debug-DisabledAnalyzers|Any CPU
		{36EDDBED-D1C6-4643-A693-D575C2D7DBC3}.Debug-DisabledAnalyzers|x64.ActiveCfg = Debug-DisabledAnalyzers|x64
		{36EDDBED-D1C6-4643-A693-D575C2D7DBC3}.Debug-DisabledAnalyzers|x64.Build.0 = Debug-DisabledAnalyzers|x64
		{36EDDBED-D1C6-4643-A693-D575C2D7DBC3}.Debug-DisabledAnalyzers|x86.ActiveCfg = Debug-DisabledAnalyzers|x86
		{36EDDBED-D1C6-4643-A693-D575C2D7DBC3}.Debug-DisabledAnalyzers|x86.Build.0 = Debug-DisabledAnalyzers|x86
		{36EDDBED-D1C6-4643-A693-D575C2D7DBC3}.Release|Any CPU.ActiveCfg = Release|Any CPU
		{36EDDBED-D1C6-4643-A693-D575C2D7DBC3}.Release|Any CPU.Build.0 = Release|Any CPU
		{36EDDBED-D1C6-4643-A693-D575C2D7DBC3}.Release|x64.ActiveCfg = Release|x64
		{36EDDBED-D1C6-4643-A693-D575C2D7DBC3}.Release|x64.Build.0 = Release|x64
		{36EDDBED-D1C6-4643-A693-D575C2D7DBC3}.Release|x86.ActiveCfg = Release|x86
		{36EDDBED-D1C6-4643-A693-D575C2D7DBC3}.Release|x86.Build.0 = Release|x86
		{44A80EE7-23F9-4F87-90F2-C07B9176755C}.Debug|Any CPU.ActiveCfg = Debug|Any CPU
		{44A80EE7-23F9-4F87-90F2-C07B9176755C}.Debug|Any CPU.Build.0 = Debug|Any CPU
		{44A80EE7-23F9-4F87-90F2-C07B9176755C}.Debug|x64.ActiveCfg = Debug|Any CPU
		{44A80EE7-23F9-4F87-90F2-C07B9176755C}.Debug|x64.Build.0 = Debug|Any CPU
		{44A80EE7-23F9-4F87-90F2-C07B9176755C}.Debug|x86.ActiveCfg = Debug|Any CPU
		{44A80EE7-23F9-4F87-90F2-C07B9176755C}.Debug|x86.Build.0 = Debug|Any CPU
		{44A80EE7-23F9-4F87-90F2-C07B9176755C}.Debug-DisabledAnalyzers|Any CPU.ActiveCfg = Debug|Any CPU
		{44A80EE7-23F9-4F87-90F2-C07B9176755C}.Debug-DisabledAnalyzers|Any CPU.Build.0 = Debug|Any CPU
		{44A80EE7-23F9-4F87-90F2-C07B9176755C}.Debug-DisabledAnalyzers|x64.ActiveCfg = Debug|Any CPU
		{44A80EE7-23F9-4F87-90F2-C07B9176755C}.Debug-DisabledAnalyzers|x64.Build.0 = Debug|Any CPU
		{44A80EE7-23F9-4F87-90F2-C07B9176755C}.Debug-DisabledAnalyzers|x86.ActiveCfg = Debug|Any CPU
		{44A80EE7-23F9-4F87-90F2-C07B9176755C}.Debug-DisabledAnalyzers|x86.Build.0 = Debug|Any CPU
		{44A80EE7-23F9-4F87-90F2-C07B9176755C}.Release|Any CPU.ActiveCfg = Release|Any CPU
		{44A80EE7-23F9-4F87-90F2-C07B9176755C}.Release|Any CPU.Build.0 = Release|Any CPU
		{44A80EE7-23F9-4F87-90F2-C07B9176755C}.Release|x64.ActiveCfg = Release|Any CPU
		{44A80EE7-23F9-4F87-90F2-C07B9176755C}.Release|x64.Build.0 = Release|Any CPU
		{44A80EE7-23F9-4F87-90F2-C07B9176755C}.Release|x86.ActiveCfg = Release|Any CPU
		{44A80EE7-23F9-4F87-90F2-C07B9176755C}.Release|x86.Build.0 = Release|Any CPU
	EndGlobalSection
	GlobalSection(SolutionProperties) = preSolution
		HideSolutionNode = FALSE
	EndGlobalSection
	GlobalSection(NestedProjects) = preSolution
		{384BE820-2F92-411C-9993-3F533021519B} = {47512DF7-DD15-45F2-AC0E-8BF0A8AA5699}
		{C0FD4365-AB1A-425D-8C5C-B229C687E371} = {5F4E5428-D9CB-40DD-BB8E-5C62B0EC89C1}
		{4ADC99CE-F83E-482C-8FC7-FD2F4E974884} = {F99C3BEF-7968-4E3A-8B5C-8AF2B127D351}
		{ECAA9C2D-900B-4F36-8EAB-147C9B99A363} = {F99C3BEF-7968-4E3A-8B5C-8AF2B127D351}
		{53538738-2841-45F7-8CFA-41B757570F17} = {822FF1CD-17FC-4A0C-9C02-6BC9FB113BDF}
		{47512DF7-DD15-45F2-AC0E-8BF0A8AA5699} = {5F4E5428-D9CB-40DD-BB8E-5C62B0EC89C1}
		{F99C3BEF-7968-4E3A-8B5C-8AF2B127D351} = {5F4E5428-D9CB-40DD-BB8E-5C62B0EC89C1}
		{822FF1CD-17FC-4A0C-9C02-6BC9FB113BDF} = {F99C3BEF-7968-4E3A-8B5C-8AF2B127D351}
		{36EDDBED-D1C6-4643-A693-D575C2D7DBC3} = {47512DF7-DD15-45F2-AC0E-8BF0A8AA5699}
	EndGlobalSection
	GlobalSection(ExtensibilityGlobals) = postSolution
		SolutionGuid = {DBA70FCD-749A-45D7-9952-5B8243A5E139}
	EndGlobalSection
EndGlobal
