
Microsoft Visual Studio Solution File, Format Version 12.00
# Visual Studio Version 17
VisualStudioVersion = 17.0.31903.59
MinimumVisualStudioVersion = 10.0.40219.1
Project("{9A19103F-16F7-4668-BE54-9A1E7A4F7556}") = "Pe.Core", "..\Pe\Pe.Core\Pe.Core.csproj", "{ACFE285C-53BB-4C73-9E8F-EC9629659EC8}"
EndProject
Project("{9A19103F-16F7-4668-BE54-9A1E7A4F7556}") = "Pe.Bridge", "..\Pe\Pe.Bridge\Pe.Bridge.csproj", "{80CB29E2-055F-4F81-B4FA-005959B2CC74}"
EndProject
Project("{9A19103F-16F7-4668-BE54-9A1E7A4F7556}") = "Pe.PInvoke", "..\Pe\Pe.PInvoke\Pe.PInvoke.csproj", "{6508B6CB-C822-460E-B9D0-E9C4CFAC477F}"
EndProject
Project("{2150E333-8FDC-42A3-9474-1A3956D46DE8}") = "Pe", "Pe", "{C44D8F5B-8F4C-44B1-AD50-E1635FDAA67B}"
EndProject
Project("{9A19103F-16F7-4668-BE54-9A1E7A4F7556}") = "Pe.Main", "..\Pe\Pe.Main\Pe.Main.csproj", "{F309E64B-FC70-411F-8FB1-8227676EAC58}"
EndProject
Project("{9A19103F-16F7-4668-BE54-9A1E7A4F7556}") = "SqlPack", "SqlPack\SqlPack.csproj", "{F6EB4010-054F-496B-887C-F9BE4BBE8444}"
EndProject
Project("{9A19103F-16F7-4668-BE54-9A1E7A4F7556}") = "AvalonEditSyntax", "AvalonEditSyntax\AvalonEditSyntax.csproj", "{6C22E39C-0A20-44A8-8379-6ADDC875F5C5}"
EndProject
Project("{9A19103F-16F7-4668-BE54-9A1E7A4F7556}") = "Pe.Plugins.DefaultTheme", "..\Pe\Pe.Plugins.DefaultTheme\Pe.Plugins.DefaultTheme.csproj", "{1A57E80C-D0B3-430E-BA9D-6693831C0F41}"
EndProject
Project("{9A19103F-16F7-4668-BE54-9A1E7A4F7556}") = "Pe.Library.Base", "..\Pe\Pe.Library.Base\Pe.Library.Base.csproj", "{4BD2CB3D-E6C6-4835-A209-6B1F856FC231}"
EndProject
Project("{9A19103F-16F7-4668-BE54-9A1E7A4F7556}") = "Pe.Library.Database", "..\Pe\Pe.Library.Database\Pe.Library.Database.csproj", "{103D0407-B9F8-4437-89D2-D034198147AC}"
EndProject
Project("{9A19103F-16F7-4668-BE54-9A1E7A4F7556}") = "Pe.Library.DependencyInjection", "..\Pe\Pe.Library.DependencyInjection\Pe.Library.DependencyInjection.csproj", "{957D6AA0-9E8B-4A70-9F71-C18F9D05FA4D}"
EndProject
Project("{9A19103F-16F7-4668-BE54-9A1E7A4F7556}") = "Pe.Library.Property", "..\Pe\Pe.Library.Property\Pe.Library.Property.csproj", "{B2924289-C9F2-41AC-A0AC-467EEE01874F}"
EndProject
Project("{9A19103F-16F7-4668-BE54-9A1E7A4F7556}") = "Pe.Library.CliProxy", "..\Pe\Pe.Library.CliProxy\Pe.Library.CliProxy.csproj", "{87CF83B3-06A8-4594-A287-D159A727C85E}"
EndProject
Global
	GlobalSection(SolutionConfigurationPlatforms) = preSolution
		Debug|x64 = Debug|x64
		Debug|x86 = Debug|x86
		Release|x64 = Release|x64
		Release|x86 = Release|x86
	EndGlobalSection
	GlobalSection(ProjectConfigurationPlatforms) = postSolution
		{ACFE285C-53BB-4C73-9E8F-EC9629659EC8}.Debug|x64.ActiveCfg = Debug|x64
		{ACFE285C-53BB-4C73-9E8F-EC9629659EC8}.Debug|x64.Build.0 = Debug|x64
		{ACFE285C-53BB-4C73-9E8F-EC9629659EC8}.Debug|x86.ActiveCfg = Debug|x86
		{ACFE285C-53BB-4C73-9E8F-EC9629659EC8}.Debug|x86.Build.0 = Debug|x86
		{ACFE285C-53BB-4C73-9E8F-EC9629659EC8}.Release|x64.ActiveCfg = Release|x64
		{ACFE285C-53BB-4C73-9E8F-EC9629659EC8}.Release|x64.Build.0 = Release|x64
		{ACFE285C-53BB-4C73-9E8F-EC9629659EC8}.Release|x86.ActiveCfg = Release|x86
		{ACFE285C-53BB-4C73-9E8F-EC9629659EC8}.Release|x86.Build.0 = Release|x86
		{80CB29E2-055F-4F81-B4FA-005959B2CC74}.Debug|x64.ActiveCfg = Debug|x64
		{80CB29E2-055F-4F81-B4FA-005959B2CC74}.Debug|x64.Build.0 = Debug|x64
		{80CB29E2-055F-4F81-B4FA-005959B2CC74}.Debug|x86.ActiveCfg = Debug|x86
		{80CB29E2-055F-4F81-B4FA-005959B2CC74}.Debug|x86.Build.0 = Debug|x86
		{80CB29E2-055F-4F81-B4FA-005959B2CC74}.Release|x64.ActiveCfg = Release|x64
		{80CB29E2-055F-4F81-B4FA-005959B2CC74}.Release|x64.Build.0 = Release|x64
		{80CB29E2-055F-4F81-B4FA-005959B2CC74}.Release|x86.ActiveCfg = Release|x86
		{80CB29E2-055F-4F81-B4FA-005959B2CC74}.Release|x86.Build.0 = Release|x86
		{6508B6CB-C822-460E-B9D0-E9C4CFAC477F}.Debug|x64.ActiveCfg = Debug|x64
		{6508B6CB-C822-460E-B9D0-E9C4CFAC477F}.Debug|x64.Build.0 = Debug|x64
		{6508B6CB-C822-460E-B9D0-E9C4CFAC477F}.Debug|x86.ActiveCfg = Debug|x86
		{6508B6CB-C822-460E-B9D0-E9C4CFAC477F}.Debug|x86.Build.0 = Debug|x86
		{6508B6CB-C822-460E-B9D0-E9C4CFAC477F}.Release|x64.ActiveCfg = Release|x64
		{6508B6CB-C822-460E-B9D0-E9C4CFAC477F}.Release|x64.Build.0 = Release|x64
		{6508B6CB-C822-460E-B9D0-E9C4CFAC477F}.Release|x86.ActiveCfg = Release|x86
		{6508B6CB-C822-460E-B9D0-E9C4CFAC477F}.Release|x86.Build.0 = Release|x86
		{F309E64B-FC70-411F-8FB1-8227676EAC58}.Debug|x64.ActiveCfg = Debug|x64
		{F309E64B-FC70-411F-8FB1-8227676EAC58}.Debug|x64.Build.0 = Debug|x64
		{F309E64B-FC70-411F-8FB1-8227676EAC58}.Debug|x86.ActiveCfg = Debug|x86
		{F309E64B-FC70-411F-8FB1-8227676EAC58}.Debug|x86.Build.0 = Debug|x86
		{F309E64B-FC70-411F-8FB1-8227676EAC58}.Release|x64.ActiveCfg = Release|x64
		{F309E64B-FC70-411F-8FB1-8227676EAC58}.Release|x64.Build.0 = Release|x64
		{F309E64B-FC70-411F-8FB1-8227676EAC58}.Release|x86.ActiveCfg = Release|x86
		{F309E64B-FC70-411F-8FB1-8227676EAC58}.Release|x86.Build.0 = Release|x86
		{F6EB4010-054F-496B-887C-F9BE4BBE8444}.Debug|x64.ActiveCfg = Debug|x64
		{F6EB4010-054F-496B-887C-F9BE4BBE8444}.Debug|x64.Build.0 = Debug|x64
		{F6EB4010-054F-496B-887C-F9BE4BBE8444}.Debug|x86.ActiveCfg = Debug|x86
		{F6EB4010-054F-496B-887C-F9BE4BBE8444}.Debug|x86.Build.0 = Debug|x86
		{F6EB4010-054F-496B-887C-F9BE4BBE8444}.Release|x64.ActiveCfg = Release|x64
		{F6EB4010-054F-496B-887C-F9BE4BBE8444}.Release|x64.Build.0 = Release|x64
		{F6EB4010-054F-496B-887C-F9BE4BBE8444}.Release|x86.ActiveCfg = Release|x86
		{F6EB4010-054F-496B-887C-F9BE4BBE8444}.Release|x86.Build.0 = Release|x86
		{6C22E39C-0A20-44A8-8379-6ADDC875F5C5}.Debug|x64.ActiveCfg = Debug|x64
		{6C22E39C-0A20-44A8-8379-6ADDC875F5C5}.Debug|x64.Build.0 = Debug|x64
		{6C22E39C-0A20-44A8-8379-6ADDC875F5C5}.Debug|x86.ActiveCfg = Debug|x86
		{6C22E39C-0A20-44A8-8379-6ADDC875F5C5}.Debug|x86.Build.0 = Debug|x86
		{6C22E39C-0A20-44A8-8379-6ADDC875F5C5}.Release|x64.ActiveCfg = Release|x64
		{6C22E39C-0A20-44A8-8379-6ADDC875F5C5}.Release|x64.Build.0 = Release|x64
		{6C22E39C-0A20-44A8-8379-6ADDC875F5C5}.Release|x86.ActiveCfg = Release|x86
		{6C22E39C-0A20-44A8-8379-6ADDC875F5C5}.Release|x86.Build.0 = Release|x86
		{1A57E80C-D0B3-430E-BA9D-6693831C0F41}.Debug|x64.ActiveCfg = Debug|x64
		{1A57E80C-D0B3-430E-BA9D-6693831C0F41}.Debug|x64.Build.0 = Debug|x64
		{1A57E80C-D0B3-430E-BA9D-6693831C0F41}.Debug|x86.ActiveCfg = Debug|x86
		{1A57E80C-D0B3-430E-BA9D-6693831C0F41}.Debug|x86.Build.0 = Debug|x86
		{1A57E80C-D0B3-430E-BA9D-6693831C0F41}.Release|x64.ActiveCfg = Release|x64
		{1A57E80C-D0B3-430E-BA9D-6693831C0F41}.Release|x64.Build.0 = Release|x64
		{1A57E80C-D0B3-430E-BA9D-6693831C0F41}.Release|x86.ActiveCfg = Release|x86
		{1A57E80C-D0B3-430E-BA9D-6693831C0F41}.Release|x86.Build.0 = Release|x86
		{4BD2CB3D-E6C6-4835-A209-6B1F856FC231}.Debug|x64.ActiveCfg = Debug|x64
		{4BD2CB3D-E6C6-4835-A209-6B1F856FC231}.Debug|x64.Build.0 = Debug|x64
		{4BD2CB3D-E6C6-4835-A209-6B1F856FC231}.Debug|x86.ActiveCfg = Debug|x86
		{4BD2CB3D-E6C6-4835-A209-6B1F856FC231}.Debug|x86.Build.0 = Debug|x86
		{4BD2CB3D-E6C6-4835-A209-6B1F856FC231}.Release|x64.ActiveCfg = Release|x64
		{4BD2CB3D-E6C6-4835-A209-6B1F856FC231}.Release|x64.Build.0 = Release|x64
		{4BD2CB3D-E6C6-4835-A209-6B1F856FC231}.Release|x86.ActiveCfg = Release|x86
		{4BD2CB3D-E6C6-4835-A209-6B1F856FC231}.Release|x86.Build.0 = Release|x86
		{103D0407-B9F8-4437-89D2-D034198147AC}.Debug|x64.ActiveCfg = Debug|x64
		{103D0407-B9F8-4437-89D2-D034198147AC}.Debug|x64.Build.0 = Debug|x64
		{103D0407-B9F8-4437-89D2-D034198147AC}.Debug|x86.ActiveCfg = Debug|x86
		{103D0407-B9F8-4437-89D2-D034198147AC}.Debug|x86.Build.0 = Debug|x86
		{103D0407-B9F8-4437-89D2-D034198147AC}.Release|x64.ActiveCfg = Release|x64
		{103D0407-B9F8-4437-89D2-D034198147AC}.Release|x64.Build.0 = Release|x64
		{103D0407-B9F8-4437-89D2-D034198147AC}.Release|x86.ActiveCfg = Release|x86
		{103D0407-B9F8-4437-89D2-D034198147AC}.Release|x86.Build.0 = Release|x86
		{957D6AA0-9E8B-4A70-9F71-C18F9D05FA4D}.Debug|x64.ActiveCfg = Debug|x64
		{957D6AA0-9E8B-4A70-9F71-C18F9D05FA4D}.Debug|x64.Build.0 = Debug|x64
		{957D6AA0-9E8B-4A70-9F71-C18F9D05FA4D}.Debug|x86.ActiveCfg = Debug|x86
		{957D6AA0-9E8B-4A70-9F71-C18F9D05FA4D}.Debug|x86.Build.0 = Debug|x86
		{957D6AA0-9E8B-4A70-9F71-C18F9D05FA4D}.Release|x64.ActiveCfg = Release|x64
		{957D6AA0-9E8B-4A70-9F71-C18F9D05FA4D}.Release|x64.Build.0 = Release|x64
		{957D6AA0-9E8B-4A70-9F71-C18F9D05FA4D}.Release|x86.ActiveCfg = Release|x86
		{957D6AA0-9E8B-4A70-9F71-C18F9D05FA4D}.Release|x86.Build.0 = Release|x86
		{B2924289-C9F2-41AC-A0AC-467EEE01874F}.Debug|x64.ActiveCfg = Debug|x64
		{B2924289-C9F2-41AC-A0AC-467EEE01874F}.Debug|x64.Build.0 = Debug|x64
		{B2924289-C9F2-41AC-A0AC-467EEE01874F}.Debug|x86.ActiveCfg = Debug|x86
		{B2924289-C9F2-41AC-A0AC-467EEE01874F}.Debug|x86.Build.0 = Debug|x86
		{B2924289-C9F2-41AC-A0AC-467EEE01874F}.Release|x64.ActiveCfg = Release|x64
		{B2924289-C9F2-41AC-A0AC-467EEE01874F}.Release|x64.Build.0 = Release|x64
		{B2924289-C9F2-41AC-A0AC-467EEE01874F}.Release|x86.ActiveCfg = Release|x86
		{B2924289-C9F2-41AC-A0AC-467EEE01874F}.Release|x86.Build.0 = Release|x86
		{87CF83B3-06A8-4594-A287-D159A727C85E}.Debug|x64.ActiveCfg = Debug|x64
		{87CF83B3-06A8-4594-A287-D159A727C85E}.Debug|x64.Build.0 = Debug|x64
		{87CF83B3-06A8-4594-A287-D159A727C85E}.Debug|x86.ActiveCfg = Debug|x86
		{87CF83B3-06A8-4594-A287-D159A727C85E}.Debug|x86.Build.0 = Debug|x86
		{87CF83B3-06A8-4594-A287-D159A727C85E}.Release|x64.ActiveCfg = Release|x64
		{87CF83B3-06A8-4594-A287-D159A727C85E}.Release|x64.Build.0 = Release|x64
		{87CF83B3-06A8-4594-A287-D159A727C85E}.Release|x86.ActiveCfg = Release|x86
		{87CF83B3-06A8-4594-A287-D159A727C85E}.Release|x86.Build.0 = Release|x86
	EndGlobalSection
	GlobalSection(SolutionProperties) = preSolution
		HideSolutionNode = FALSE
	EndGlobalSection
	GlobalSection(NestedProjects) = preSolution
		{ACFE285C-53BB-4C73-9E8F-EC9629659EC8} = {C44D8F5B-8F4C-44B1-AD50-E1635FDAA67B}
		{80CB29E2-055F-4F81-B4FA-005959B2CC74} = {C44D8F5B-8F4C-44B1-AD50-E1635FDAA67B}
		{6508B6CB-C822-460E-B9D0-E9C4CFAC477F} = {C44D8F5B-8F4C-44B1-AD50-E1635FDAA67B}
		{F309E64B-FC70-411F-8FB1-8227676EAC58} = {C44D8F5B-8F4C-44B1-AD50-E1635FDAA67B}
		{1A57E80C-D0B3-430E-BA9D-6693831C0F41} = {C44D8F5B-8F4C-44B1-AD50-E1635FDAA67B}
		{4BD2CB3D-E6C6-4835-A209-6B1F856FC231} = {C44D8F5B-8F4C-44B1-AD50-E1635FDAA67B}
		{103D0407-B9F8-4437-89D2-D034198147AC} = {C44D8F5B-8F4C-44B1-AD50-E1635FDAA67B}
		{957D6AA0-9E8B-4A70-9F71-C18F9D05FA4D} = {C44D8F5B-8F4C-44B1-AD50-E1635FDAA67B}
		{B2924289-C9F2-41AC-A0AC-467EEE01874F} = {C44D8F5B-8F4C-44B1-AD50-E1635FDAA67B}
		{87CF83B3-06A8-4594-A287-D159A727C85E} = {C44D8F5B-8F4C-44B1-AD50-E1635FDAA67B}
	EndGlobalSection
	GlobalSection(ExtensibilityGlobals) = postSolution
		SolutionGuid = {F52DE156-059A-48B8-9DF3-E3834C34FEA9}
	EndGlobalSection
EndGlobal
