
Microsoft Visual Studio Solution File, Format Version 12.00
# Visual Studio 2013
VisualStudioVersion = 12.0.31101.0
MinimumVisualStudioVersion = 10.0.40219.1
Project("{FAE04EC0-301F-11D3-BF4B-00C04F79EFBC}") = "PeMain", "PeMain\PeMain.csproj", "{6877BDA1-FA71-4850-983C-F91DF0F9C6E5}"
EndProject
Project("{FAE04EC0-301F-11D3-BF4B-00C04F79EFBC}") = "Utility", "Utility\Utility.csproj", "{863C2A90-A386-4F98-9D0B-EFB839168293}"
EndProject
Project("{FAE04EC0-301F-11D3-BF4B-00C04F79EFBC}") = "PlatformInvoke", "PlatformInvoke\PlatformInvoke.csproj", "{2E80DF8C-5682-4B45-9172-846BAD85C305}"
EndProject
Project("{FAE04EC0-301F-11D3-BF4B-00C04F79EFBC}") = "Updater", "Updater\Updater.csproj", "{2159F7AD-87AD-4CB8-8290-AFDE159C9891}"
EndProject
Project("{FAE04EC0-301F-11D3-BF4B-00C04F79EFBC}") = "Package", "Package\Package.csproj", "{E65232E9-77B5-41E3-A550-2001717AEEB1}"
EndProject
Project("{FAE04EC0-301F-11D3-BF4B-00C04F79EFBC}") = "Skin", "Skin\Skin.csproj", "{5795CABD-7C4E-4CA7-962B-E80C9813EF1B}"
EndProject
Project("{FAE04EC0-301F-11D3-BF4B-00C04F79EFBC}") = "UtilityTest", "UtilityTest\UtilityTest.csproj", "{C8E24195-1156-48D5-BE17-48D55DF30A98}"
EndProject
Project("{FAE04EC0-301F-11D3-BF4B-00C04F79EFBC}") = "PeMainTest", "PeMainTest\PeMainTest.csproj", "{AC22B612-A2EA-4C52-A605-30CCB4D2CA84}"
EndProject
Project("{2150E333-8FDC-42A3-9474-1A3956D46DE8}") = "Library", "Library", "{DA7CF5F4-6ED7-49E1-94E2-3DBF305A71D4}"
EndProject
Project("{2150E333-8FDC-42A3-9474-1A3956D46DE8}") = "Application", "Application", "{6C444AD3-3D08-4658-A816-A0382C9A9A01}"
EndProject
Project("{2150E333-8FDC-42A3-9474-1A3956D46DE8}") = "Test", "Test", "{DD31C13C-1B00-49C6-A85E-F7BA8F202800}"
EndProject
Global
	GlobalSection(SolutionConfigurationPlatforms) = preSolution
		Debug|x64 = Debug|x64
		Debug|x86 = Debug|x86
		Release|x64 = Release|x64
		Release|x86 = Release|x86
	EndGlobalSection
	GlobalSection(ProjectConfigurationPlatforms) = postSolution
		{6877BDA1-FA71-4850-983C-F91DF0F9C6E5}.Debug|x64.ActiveCfg = Debug|x64
		{6877BDA1-FA71-4850-983C-F91DF0F9C6E5}.Debug|x64.Build.0 = Debug|x64
		{6877BDA1-FA71-4850-983C-F91DF0F9C6E5}.Debug|x86.ActiveCfg = Debug|x86
		{6877BDA1-FA71-4850-983C-F91DF0F9C6E5}.Debug|x86.Build.0 = Debug|x86
		{6877BDA1-FA71-4850-983C-F91DF0F9C6E5}.Release|x64.ActiveCfg = Release|x64
		{6877BDA1-FA71-4850-983C-F91DF0F9C6E5}.Release|x64.Build.0 = Release|x64
		{6877BDA1-FA71-4850-983C-F91DF0F9C6E5}.Release|x86.ActiveCfg = Release|x86
		{6877BDA1-FA71-4850-983C-F91DF0F9C6E5}.Release|x86.Build.0 = Release|x86
		{863C2A90-A386-4F98-9D0B-EFB839168293}.Debug|x64.ActiveCfg = Debug|x64
		{863C2A90-A386-4F98-9D0B-EFB839168293}.Debug|x64.Build.0 = Debug|x64
		{863C2A90-A386-4F98-9D0B-EFB839168293}.Debug|x86.ActiveCfg = Debug|x86
		{863C2A90-A386-4F98-9D0B-EFB839168293}.Debug|x86.Build.0 = Debug|x86
		{863C2A90-A386-4F98-9D0B-EFB839168293}.Release|x64.ActiveCfg = Release|x64
		{863C2A90-A386-4F98-9D0B-EFB839168293}.Release|x64.Build.0 = Release|x64
		{863C2A90-A386-4F98-9D0B-EFB839168293}.Release|x86.ActiveCfg = Release|x86
		{863C2A90-A386-4F98-9D0B-EFB839168293}.Release|x86.Build.0 = Release|x86
		{2E80DF8C-5682-4B45-9172-846BAD85C305}.Debug|x64.ActiveCfg = Debug|x64
		{2E80DF8C-5682-4B45-9172-846BAD85C305}.Debug|x64.Build.0 = Debug|x64
		{2E80DF8C-5682-4B45-9172-846BAD85C305}.Debug|x86.ActiveCfg = Debug|x86
		{2E80DF8C-5682-4B45-9172-846BAD85C305}.Debug|x86.Build.0 = Debug|x86
		{2E80DF8C-5682-4B45-9172-846BAD85C305}.Release|x64.ActiveCfg = Release|x64
		{2E80DF8C-5682-4B45-9172-846BAD85C305}.Release|x64.Build.0 = Release|x64
		{2E80DF8C-5682-4B45-9172-846BAD85C305}.Release|x86.ActiveCfg = Release|x86
		{2E80DF8C-5682-4B45-9172-846BAD85C305}.Release|x86.Build.0 = Release|x86
		{2159F7AD-87AD-4CB8-8290-AFDE159C9891}.Debug|x64.ActiveCfg = Debug|x64
		{2159F7AD-87AD-4CB8-8290-AFDE159C9891}.Debug|x64.Build.0 = Debug|x64
		{2159F7AD-87AD-4CB8-8290-AFDE159C9891}.Debug|x86.ActiveCfg = Debug|x86
		{2159F7AD-87AD-4CB8-8290-AFDE159C9891}.Debug|x86.Build.0 = Debug|x86
		{2159F7AD-87AD-4CB8-8290-AFDE159C9891}.Release|x64.ActiveCfg = Release|x64
		{2159F7AD-87AD-4CB8-8290-AFDE159C9891}.Release|x64.Build.0 = Release|x64
		{2159F7AD-87AD-4CB8-8290-AFDE159C9891}.Release|x86.ActiveCfg = Release|x86
		{2159F7AD-87AD-4CB8-8290-AFDE159C9891}.Release|x86.Build.0 = Release|x86
		{E65232E9-77B5-41E3-A550-2001717AEEB1}.Debug|x64.ActiveCfg = Debug|x64
		{E65232E9-77B5-41E3-A550-2001717AEEB1}.Debug|x64.Build.0 = Debug|x64
		{E65232E9-77B5-41E3-A550-2001717AEEB1}.Debug|x86.ActiveCfg = Debug|x86
		{E65232E9-77B5-41E3-A550-2001717AEEB1}.Debug|x86.Build.0 = Debug|x86
		{E65232E9-77B5-41E3-A550-2001717AEEB1}.Release|x64.ActiveCfg = Release|x64
		{E65232E9-77B5-41E3-A550-2001717AEEB1}.Release|x64.Build.0 = Release|x64
		{E65232E9-77B5-41E3-A550-2001717AEEB1}.Release|x86.ActiveCfg = Release|x86
		{E65232E9-77B5-41E3-A550-2001717AEEB1}.Release|x86.Build.0 = Release|x86
		{5795CABD-7C4E-4CA7-962B-E80C9813EF1B}.Debug|x64.ActiveCfg = Debug|x64
		{5795CABD-7C4E-4CA7-962B-E80C9813EF1B}.Debug|x64.Build.0 = Debug|x64
		{5795CABD-7C4E-4CA7-962B-E80C9813EF1B}.Debug|x86.ActiveCfg = Debug|x86
		{5795CABD-7C4E-4CA7-962B-E80C9813EF1B}.Debug|x86.Build.0 = Debug|x86
		{5795CABD-7C4E-4CA7-962B-E80C9813EF1B}.Release|x64.ActiveCfg = Release|x64
		{5795CABD-7C4E-4CA7-962B-E80C9813EF1B}.Release|x64.Build.0 = Release|x64
		{5795CABD-7C4E-4CA7-962B-E80C9813EF1B}.Release|x86.ActiveCfg = Release|x86
		{5795CABD-7C4E-4CA7-962B-E80C9813EF1B}.Release|x86.Build.0 = Release|x86
		{C8E24195-1156-48D5-BE17-48D55DF30A98}.Debug|x64.ActiveCfg = Debug|x64
		{C8E24195-1156-48D5-BE17-48D55DF30A98}.Debug|x64.Build.0 = Debug|x64
		{C8E24195-1156-48D5-BE17-48D55DF30A98}.Debug|x86.ActiveCfg = Debug|x86
		{C8E24195-1156-48D5-BE17-48D55DF30A98}.Debug|x86.Build.0 = Debug|x86
		{C8E24195-1156-48D5-BE17-48D55DF30A98}.Release|x64.ActiveCfg = Release|x64
		{C8E24195-1156-48D5-BE17-48D55DF30A98}.Release|x64.Build.0 = Release|x64
		{C8E24195-1156-48D5-BE17-48D55DF30A98}.Release|x86.ActiveCfg = Release|x86
		{C8E24195-1156-48D5-BE17-48D55DF30A98}.Release|x86.Build.0 = Release|x86
		{AC22B612-A2EA-4C52-A605-30CCB4D2CA84}.Debug|x64.ActiveCfg = Debug|x64
		{AC22B612-A2EA-4C52-A605-30CCB4D2CA84}.Debug|x64.Build.0 = Debug|x64
		{AC22B612-A2EA-4C52-A605-30CCB4D2CA84}.Debug|x86.ActiveCfg = Debug|x86
		{AC22B612-A2EA-4C52-A605-30CCB4D2CA84}.Debug|x86.Build.0 = Debug|x86
		{AC22B612-A2EA-4C52-A605-30CCB4D2CA84}.Release|x64.ActiveCfg = Release|x64
		{AC22B612-A2EA-4C52-A605-30CCB4D2CA84}.Release|x64.Build.0 = Release|x64
		{AC22B612-A2EA-4C52-A605-30CCB4D2CA84}.Release|x86.ActiveCfg = Release|x86
		{AC22B612-A2EA-4C52-A605-30CCB4D2CA84}.Release|x86.Build.0 = Release|x86
	EndGlobalSection
	GlobalSection(SolutionProperties) = preSolution
		HideSolutionNode = FALSE
	EndGlobalSection
	GlobalSection(NestedProjects) = preSolution
		{863C2A90-A386-4F98-9D0B-EFB839168293} = {DA7CF5F4-6ED7-49E1-94E2-3DBF305A71D4}
		{2E80DF8C-5682-4B45-9172-846BAD85C305} = {DA7CF5F4-6ED7-49E1-94E2-3DBF305A71D4}
		{2159F7AD-87AD-4CB8-8290-AFDE159C9891} = {6C444AD3-3D08-4658-A816-A0382C9A9A01}
		{E65232E9-77B5-41E3-A550-2001717AEEB1} = {DA7CF5F4-6ED7-49E1-94E2-3DBF305A71D4}
		{5795CABD-7C4E-4CA7-962B-E80C9813EF1B} = {DA7CF5F4-6ED7-49E1-94E2-3DBF305A71D4}
		{C8E24195-1156-48D5-BE17-48D55DF30A98} = {DD31C13C-1B00-49C6-A85E-F7BA8F202800}
		{AC22B612-A2EA-4C52-A605-30CCB4D2CA84} = {DD31C13C-1B00-49C6-A85E-F7BA8F202800}
	EndGlobalSection
EndGlobal
