{
  "version": 1,
  "dependencies": {
    "net7.0-windows7.0": {
      "System.Management": {
        "type": "Direct",
        "requested": "[7.0.0, )",
        "resolved": "7.0.0",
        "contentHash": "A4jed4QUviDOm7fJNKAJObEAEkEUXmkGL/w0iyCYTzrl1rezTj8LGFHfsVst4Vb9JwFcTpboiDrvdST48avBpw==",
        "dependencies": {
          "System.CodeDom": "7.0.0"
        }
      },
      "System.CodeDom": {
        "type": "Transitive",
        "resolved": "7.0.0",
        "contentHash": "GLltyqEsE5/3IE+zYRP5sNa1l44qKl9v+bfdMcwg+M9qnQf47wK3H0SUR/T+3N4JEQXF3vV4CSuuo0rsg+nq2A=="
      }
    }
  }
}