{
  "version": 1,
  "dependencies": {
    "net7.0-windows7.0": {
      "Microsoft.NET.Test.Sdk": {
        "type": "Direct",
        "requested": "[17.4.1, )",
        "resolved": "17.4.1",
        "contentHash": "kJ5/v2ad+VEg1fL8UH18nD71Eu+Fq6dM4RKBVqlV2MLSEK/AW4LUkqlk7m7G+BrxEDJVwPjxHam17nldxV80Ow==",
        "dependencies": {
          "Microsoft.CodeCoverage": "17.4.1",
          "Microsoft.TestPlatform.TestHost": "17.4.1"
        }
      },
      "MSTest.TestAdapter": {
        "type": "Direct",
        "requested": "[3.0.1, )",
        "resolved": "3.0.1",
        "contentHash": "QcGOttirgLRLyWqWyn/kZElUQrDu5aOXLxiVrchithODwUk4hpXubvGKf6I7uW9LurhBYuiHvnMU2Fu4qY9Rjg=="
      },
      "MSTest.TestFramework": {
        "type": "Direct",
        "requested": "[3.0.1, )",
        "resolved": "3.0.1",
        "contentHash": "S8ErX2PC/+pRMEb9tcRAPMYAi7EhwTGKoU1QAZWiFOeDw4/e8pUdQ3cLM4/s8LboAKNpJysmhq578Jxvuly4RA=="
      },
      "NLog.Extensions.Logging": {
        "type": "Direct",
        "requested": "[5.1.0, )",
        "resolved": "5.1.0",
        "contentHash": "cQCKF2/iYjZUkn0d2o6VD1xkTUhIFHPYmZEm29KlTthLEzMht5aY80SwWlHZCKy0w19kaSq1jgLJSGrKsapUfg==",
        "dependencies": {
          "Microsoft.Extensions.Configuration.Abstractions": "6.0.0",
          "Microsoft.Extensions.Logging": "6.0.0",
          "NLog": "5.0.5"
        }
      },
      "AvalonEdit": {
        "type": "Transitive",
        "resolved": "6.2.0.78",
        "contentHash": "mkfpGYDGDxVUrMe8CzOMMD4engMwoQiZ3md0m1c3V4hvQI6PErOjzsRIqetYxB2EyrYG+Gv0icAoADg0UIkv/g=="
      },
      "CefSharp.Common.NETCore": {
        "type": "Transitive",
        "resolved": "108.4.130",
        "contentHash": "fOvbk8up8Vk1/eZsyy7l3QTzuipbOlLkjQuJbwwPLb+SGZSL+2mQWdmHtr7vHN4rGGZpLO2pQ6jT/RcwWuTw5w==",
        "dependencies": {
          "chromiumembeddedframework.runtime": "[108.4.13]"
        }
      },
      "CefSharp.Wpf.NETCore": {
        "type": "Transitive",
        "resolved": "108.4.130",
        "contentHash": "z3wK0rVsSRJq6TkKu5qVMDIo4EOVhrx9ImIRGpFws+CzWZ+pVuATtpp1vkEmysil+MowoXjkEU85Fb6I8ryUBw==",
        "dependencies": {
          "CefSharp.Common.NETCore": "[108.4.130]"
        }
      },
      "chromiumembeddedframework.runtime": {
        "type": "Transitive",
        "resolved": "108.4.13",
        "contentHash": "D8jEztf+sDADzgmyeAk5+R39fprsCJZWm1XTz6CYGYFNnXsvB7SX+sKoJ0T23EDJv1N1nsI7ebNeH8W0UCfLIQ=="
      },
      "chromiumembeddedframework.runtime.win-arm64": {
        "type": "Transitive",
        "resolved": "108.4.13",
        "contentHash": "t2QL5yMaIZCCYSYyuiyzM8RFJQUk3ICQrdjZuGaF0k/PM/rlZo5SQxTm+1vcb697I/pHfdZvfkDKAuNGjC7PCA=="
      },
      "chromiumembeddedframework.runtime.win-x64": {
        "type": "Transitive",
        "resolved": "108.4.13",
        "contentHash": "/exKsG1y/sL78UtqqCLCvGBXnC7wgVf2Kdnt0mMym/DbvRgY4/dCmYk8CoXwzLVJZZgGwPj0mGvumDsyZWqUWQ=="
      },
      "chromiumembeddedframework.runtime.win-x86": {
        "type": "Transitive",
        "resolved": "108.4.13",
        "contentHash": "1vBd4wCdxhgfsbQJNjCmGUdxJg6Ki4vK9DAQXJhfrvcael9pc1zfcG0Qr7t9DD72W4hUbHIXqQDUsW43TZ2NfA=="
      },
      "ClrHeapAllocationAnalyzer": {
        "type": "Transitive",
        "resolved": "3.0.0",
        "contentHash": "gzOVP6xboEdTqPqrWLTrDEf9hi0rN0rlbiuj5Di20Gx1aVuhfEISfDACj9BS8nnoRkIhkxhtmrzTN/3luj1vsA==",
        "dependencies": {
          "Microsoft.CodeAnalysis": "3.4.0"
        }
      },
      "Dapper": {
        "type": "Transitive",
        "resolved": "2.0.123",
        "contentHash": "RDFF4rBLLmbpi6pwkY7q/M6UXHRJEOerplDGE5jwEkP/JGJnBauAClYavNKJPW1yOTWRPIyfj4is3EaJxQXILQ=="
      },
      "Hardcodet.NotifyIcon.Wpf": {
        "type": "Transitive",
        "resolved": "1.1.0",
        "contentHash": "FFEkdRSidMrbMfQVwhCzq6KtSyR1qQojqtiUrkCyjnOOuMf7W3TNQkzFnBBxYxFe7uLk5mz7M38wFh1qdWyfvg=="
      },
      "Microsoft.CodeAnalysis": {
        "type": "Transitive",
        "resolved": "3.4.0",
        "contentHash": "xvXw1JYbmv9aEB+kPffeEQNxtBNdQbGKZ66WgiI/9VeqflELl/I1/P0YoK5f09RF4A4040w1QXJm0kJ+tkpteg==",
        "dependencies": {
          "Microsoft.CodeAnalysis.CSharp.Workspaces": "[3.4.0]",
          "Microsoft.CodeAnalysis.VisualBasic.Workspaces": "[3.4.0]"
        }
      },
      "Microsoft.CodeAnalysis.Analyzers": {
        "type": "Transitive",
        "resolved": "2.9.6",
        "contentHash": "Kmms3TxGQMNb95Cu/3K+0bIcMnV4qf/phZBLAB0HUi65rBPxP4JO3aM2LoAcb+DFS600RQJMZ7ZLyYDTbLwJOQ=="
      },
      "Microsoft.CodeAnalysis.Common": {
        "type": "Transitive",
        "resolved": "3.4.0",
        "contentHash": "3ncA7cV+iXGA1VYwe2UEZXcvWyZSlbexWjM9AvocP7sik5UD93qt9Hq0fMRGk0jFRmvmE4T2g+bGfXiBVZEhLw==",
        "dependencies": {
          "Microsoft.CodeAnalysis.Analyzers": "2.9.6",
          "System.Collections.Immutable": "1.5.0",
          "System.Memory": "4.5.3",
          "System.Reflection.Metadata": "1.6.0",
          "System.Runtime.CompilerServices.Unsafe": "4.5.2",
          "System.Text.Encoding.CodePages": "4.5.1",
          "System.Threading.Tasks.Extensions": "4.5.3"
        }
      },
      "Microsoft.CodeAnalysis.CSharp": {
        "type": "Transitive",
        "resolved": "3.4.0",
        "contentHash": "/LsTtgcMN6Tu1oo7/WYbRAHL4/ubXC/miEakwTpcZKJKtFo7D0AK95Hw0dbGxul6C8WJu60v6NP2435TDYZM+Q==",
        "dependencies": {
          "Microsoft.CodeAnalysis.Common": "[3.4.0]"
        }
      },
      "Microsoft.CodeAnalysis.CSharp.Workspaces": {
        "type": "Transitive",
        "resolved": "3.4.0",
        "contentHash": "ReUtqcb+Pz1jtnVZTfDZl1uPV0mrngVA2U+pzxJ7MtrFM1rjlCU2KxuXs8VaOXUteYYAlAn1ZhMYlE3P8j2hIg==",
        "dependencies": {
          "Microsoft.CodeAnalysis.CSharp": "[3.4.0]",
          "Microsoft.CodeAnalysis.Common": "[3.4.0]",
          "Microsoft.CodeAnalysis.Workspaces.Common": "[3.4.0]"
        }
      },
      "Microsoft.CodeAnalysis.VisualBasic": {
        "type": "Transitive",
        "resolved": "3.4.0",
        "contentHash": "s6i2zLK/0xRM+D5CT3kqqZcPOCtx7OZriPpZ5234uheu4q5n0JAoi5zmIS/q7wB4G0JhvNlhHb/E4rMIOx5Wlw==",
        "dependencies": {
          "Microsoft.CodeAnalysis.Common": "[3.4.0]"
        }
      },
      "Microsoft.CodeAnalysis.VisualBasic.Workspaces": {
        "type": "Transitive",
        "resolved": "3.4.0",
        "contentHash": "sm+SyRzHVlplyA0cfML1Iabspvxodv22wDQjts8WJNLdwOci8CCeU11SyobJmfxhz/M2D/9ozILb9fmp9Fv5Pg==",
        "dependencies": {
          "Microsoft.CodeAnalysis.Common": "[3.4.0]",
          "Microsoft.CodeAnalysis.VisualBasic": "[3.4.0]",
          "Microsoft.CodeAnalysis.Workspaces.Common": "[3.4.0]"
        }
      },
      "Microsoft.CodeAnalysis.Workspaces.Common": {
        "type": "Transitive",
        "resolved": "3.4.0",
        "contentHash": "AJszIKY+hXBXDqbcYTiztAQ17GTYfSMDB5u2plzJQqwKN17bqYKr1aC/1NkI5Oho9tixVJ0T/SoeYHpDUMsIBA==",
        "dependencies": {
          "Microsoft.CodeAnalysis.Common": "[3.4.0]",
          "System.Composition": "1.0.31"
        }
      },
      "Microsoft.CodeCoverage": {
        "type": "Transitive",
        "resolved": "17.4.1",
        "contentHash": "T21KxaiFawbrrjm0uXjxAStXaBm5P9H6Nnf8BUtBTvIpd8q57lrChVBCY2dnazmSu9/kuX4z5+kAOT78Dod7vA=="
      },
      "Microsoft.Extensions.Configuration": {
        "type": "Transitive",
        "resolved": "7.0.0",
        "contentHash": "tldQUBWt/xeH2K7/hMPPo5g8zuLc3Ro9I5d4o/XrxvxOCA2EZBtW7bCHHTc49fcBtvB8tLAb/Qsmfrq+2SJ4vA==",
        "dependencies": {
          "Microsoft.Extensions.Configuration.Abstractions": "7.0.0",
          "Microsoft.Extensions.Primitives": "7.0.0"
        }
      },
      "Microsoft.Extensions.Configuration.Abstractions": {
        "type": "Transitive",
        "resolved": "7.0.0",
        "contentHash": "f34u2eaqIjNO9YLHBz8rozVZ+TcFiFs0F3r7nUJd7FRkVSxk8u4OpoK226mi49MwexHOR2ibP9MFvRUaLilcQQ==",
        "dependencies": {
          "Microsoft.Extensions.Primitives": "7.0.0"
        }
      },
      "Microsoft.Extensions.Configuration.Binder": {
        "type": "Transitive",
        "resolved": "7.0.1",
        "contentHash": "vAuFMOvK68JIW0NlLp1mJkQxsJ2hGmLKRE2rOyIffZ/L0Xvr6hsPMF8thxPGTcgOM6eezisSTTVVHdByY6ejbQ==",
        "dependencies": {
          "Microsoft.Extensions.Configuration.Abstractions": "7.0.0"
        }
      },
      "Microsoft.Extensions.Configuration.FileExtensions": {
        "type": "Transitive",
        "resolved": "7.0.0",
        "contentHash": "xk2lRJ1RDuqe57BmgvRPyCt6zyePKUmvT6iuXqiHR+/OIIgWVR8Ff5k2p6DwmqY8a17hx/OnrekEhziEIeQP6Q==",
        "dependencies": {
          "Microsoft.Extensions.Configuration": "7.0.0",
          "Microsoft.Extensions.Configuration.Abstractions": "7.0.0",
          "Microsoft.Extensions.FileProviders.Abstractions": "7.0.0",
          "Microsoft.Extensions.FileProviders.Physical": "7.0.0",
          "Microsoft.Extensions.Primitives": "7.0.0"
        }
      },
      "Microsoft.Extensions.Configuration.Json": {
        "type": "Transitive",
        "resolved": "7.0.0",
        "contentHash": "LDNYe3uw76W35Jci+be4LDf2lkQZe0A7EEYQVChFbc509CpZ4Iupod8li4PUXPBhEUOFI/rlQNf5xkzJRQGvtA==",
        "dependencies": {
          "Microsoft.Extensions.Configuration": "7.0.0",
          "Microsoft.Extensions.Configuration.Abstractions": "7.0.0",
          "Microsoft.Extensions.Configuration.FileExtensions": "7.0.0",
          "Microsoft.Extensions.FileProviders.Abstractions": "7.0.0",
          "System.Text.Json": "7.0.0"
        }
      },
      "Microsoft.Extensions.DependencyInjection": {
        "type": "Transitive",
        "resolved": "7.0.0",
        "contentHash": "elNeOmkeX3eDVG6pYVeV82p29hr+UKDaBhrZyWvWLw/EVZSYEkZlQdkp0V39k/Xehs2Qa0mvoCvkVj3eQxNQ1Q==",
        "dependencies": {
          "Microsoft.Extensions.DependencyInjection.Abstractions": "7.0.0"
        }
      },
      "Microsoft.Extensions.DependencyInjection.Abstractions": {
        "type": "Transitive",
        "resolved": "7.0.0",
        "contentHash": "h3j/QfmFN4S0w4C2A6X7arXij/M/OVw3uQHSOFxnND4DyAzO1F9eMX7Eti7lU/OkSthEE0WzRsfT/Dmx86jzCw=="
      },
      "Microsoft.Extensions.FileProviders.Abstractions": {
        "type": "Transitive",
        "resolved": "7.0.0",
        "contentHash": "NyawiW9ZT/liQb34k9YqBSNPLuuPkrjMgQZ24Y/xXX1RoiBkLUdPMaQTmxhZ5TYu8ZKZ9qayzil75JX95vGQUg==",
        "dependencies": {
          "Microsoft.Extensions.Primitives": "7.0.0"
        }
      },
      "Microsoft.Extensions.FileProviders.Physical": {
        "type": "Transitive",
        "resolved": "7.0.0",
        "contentHash": "K8D2MTR+EtzkbZ8z80LrG7Ur64R7ZZdRLt1J5cgpc/pUWl0C6IkAUapPuK28oionHueCPELUqq0oYEvZfalNdg==",
        "dependencies": {
          "Microsoft.Extensions.FileProviders.Abstractions": "7.0.0",
          "Microsoft.Extensions.FileSystemGlobbing": "7.0.0",
          "Microsoft.Extensions.Primitives": "7.0.0"
        }
      },
      "Microsoft.Extensions.FileSystemGlobbing": {
        "type": "Transitive",
        "resolved": "7.0.0",
        "contentHash": "2jONjKHiF+E92ynz2ZFcr9OvxIw+rTGMPEH+UZGeHTEComVav93jQUWGkso8yWwVBcEJGcNcZAaqY01FFJcj7w=="
      },
      "Microsoft.Extensions.Logging": {
        "type": "Transitive",
        "resolved": "7.0.0",
        "contentHash": "Nw2muoNrOG5U5qa2ZekXwudUn2BJcD41e65zwmDHb1fQegTX66UokLWZkJRpqSSHXDOWZ5V0iqhbxOEky91atA==",
        "dependencies": {
          "Microsoft.Extensions.DependencyInjection": "7.0.0",
          "Microsoft.Extensions.DependencyInjection.Abstractions": "7.0.0",
          "Microsoft.Extensions.Logging.Abstractions": "7.0.0",
          "Microsoft.Extensions.Options": "7.0.0"
        }
      },
      "Microsoft.Extensions.Logging.Abstractions": {
        "type": "Transitive",
        "resolved": "7.0.0",
        "contentHash": "kmn78+LPVMOWeITUjIlfxUPDsI0R6G0RkeAMBmQxAJ7vBJn4q2dTva7pWi65ceN5vPGjJ9q/Uae2WKgvfktJAw=="
      },
      "Microsoft.Extensions.Options": {
        "type": "Transitive",
        "resolved": "7.0.0",
        "contentHash": "lP1yBnTTU42cKpMozuafbvNtQ7QcBjr/CcK3bYOGEMH55Fjt+iecXjT6chR7vbgCMqy3PG3aNQSZgo/EuY/9qQ==",
        "dependencies": {
          "Microsoft.Extensions.DependencyInjection.Abstractions": "7.0.0",
          "Microsoft.Extensions.Primitives": "7.0.0"
        }
      },
      "Microsoft.Extensions.Primitives": {
        "type": "Transitive",
        "resolved": "7.0.0",
        "contentHash": "um1KU5kxcRp3CNuI8o/GrZtD4AIOXDk+RLsytjZ9QPok3ttLUelLKpilVPuaFT3TFjOhSibUAso0odbOaCDj3Q=="
      },
      "Microsoft.NETCore.Platforms": {
        "type": "Transitive",
        "resolved": "1.1.0",
        "contentHash": "kz0PEW2lhqygehI/d6XsPCQzD7ff7gUJaVGPVETX611eadGsA3A877GdSlU0LRVMCTH/+P3o2iDTak+S08V2+A=="
      },
      "Microsoft.NETCore.Targets": {
        "type": "Transitive",
        "resolved": "1.1.0",
        "contentHash": "aOZA3BWfz9RXjpzt0sRJJMjAscAUm3Hoa4UWAfceV9UTYxgwZ1lZt5nO2myFf+/jetYQo4uTP7zS8sJY67BBxg=="
      },
      "Microsoft.TestPlatform.ObjectModel": {
        "type": "Transitive",
        "resolved": "17.4.1",
        "contentHash": "v2CwoejusooZa/DZYt7UXo+CJOvwAmqg6ZyFJeIBu+DCRDqpEtf7WYhZ/AWii0EKzANPPLU9+m148aipYQkTuA==",
        "dependencies": {
          "NuGet.Frameworks": "5.11.0",
          "System.Reflection.Metadata": "1.6.0"
        }
      },
      "Microsoft.TestPlatform.TestHost": {
        "type": "Transitive",
        "resolved": "17.4.1",
        "contentHash": "K7QXM4P4qrDKdPs/VSEKXR08QEru7daAK8vlIbhwENM3peXJwb9QgrAbtbYyyfVnX+F1m+1hntTH6aRX+h/f8g==",
        "dependencies": {
          "Microsoft.TestPlatform.ObjectModel": "17.4.1",
          "Newtonsoft.Json": "13.0.1"
        }
      },
      "Microsoft.Win32.SystemEvents": {
        "type": "Transitive",
        "resolved": "7.0.0",
        "contentHash": "2nXPrhdAyAzir0gLl8Yy8S5Mnm/uBSQQA7jEsILOS1MTyS7DbmV1NgViMtvV1sfCD1ebITpNwb1NIinKeJgUVQ=="
      },
      "Microsoft.Xaml.Behaviors.Wpf": {
        "type": "Transitive",
        "resolved": "1.1.31",
        "contentHash": "LZpuf82ACZWldmfMuv3CTUMDh3o0xo0uHUaybR5HgqVLDBJJ9RZLykplQ/bTJd0/VDt3EhD4iDgUgbdIUAM+Kg=="
      },
      "Newtonsoft.Json": {
        "type": "Transitive",
        "resolved": "13.0.1",
        "contentHash": "ppPFpBcvxdsfUonNcvITKqLl3bqxWbDCZIzDWHzjpdAHRFfZe0Dw9HmA0+za13IdyrgJwpkDTDA9fHaxOrt20A=="
      },
      "NLog": {
        "type": "Transitive",
        "resolved": "5.0.5",
        "contentHash": "NOTWSyUEljmjMq7OqZ1X9iu4bJ+rW/o6pt79Jq8j2Q7s8DyoMMCJwe0HoCKcNjhYRJ++b+E8erH6E6WwaCTshQ=="
      },
      "NuGet.Frameworks": {
        "type": "Transitive",
        "resolved": "5.11.0",
        "contentHash": "eaiXkUjC4NPcquGWzAGMXjuxvLwc6XGKMptSyOGQeT0X70BUZObuybJFZLA0OfTdueLd3US23NBPTBb6iF3V1Q=="
      },
      "Prism.Core": {
        "type": "Transitive",
        "resolved": "8.1.97",
        "contentHash": "EP5zrvWddw3eSq25Y7hHnDYdmLZEC2Z/gMrvmHzUuLbitmA1UaS7wQUlSwNr9Km8lzJNCvytFnaGBEFukHgoHg=="
      },
      "Prism.Wpf": {
        "type": "Transitive",
        "resolved": "8.1.97",
        "contentHash": "ZEa6S1mK35h8/blyb0uR0ed3wkpHtPdhB4eniXINJnTiJMWlGl/As6SVlFFdOPD+qsEdWNYV3xgyQD/ue5cvBA==",
        "dependencies": {
          "Microsoft.Xaml.Behaviors.Wpf": "1.1.31",
          "Prism.Core": "8.1.97"
        }
      },
      "SevenZipExtractor": {
        "type": "Transitive",
        "resolved": "1.0.17",
        "contentHash": "GZHyv3apcpFO1aAcPyscbDHie5doCSS28tnjJt66wl7K8Pb+8CqxaymomZZvCh4b5xw7yi+xLo8XHxVP3AboNg=="
      },
      "Stub.System.Data.SQLite.Core.NetStandard": {
        "type": "Transitive",
        "resolved": "1.0.117",
        "contentHash": "x1zzPC/A4MmiKGDLoxLE6O5KLu7Kz7dyzhPQzlqYFTFcXmXAtM7hNNWpGw5yLEz833AnGbd/kxoitXArgR4YyA=="
      },
      "System.CodeDom": {
        "type": "Transitive",
        "resolved": "7.0.0",
        "contentHash": "GLltyqEsE5/3IE+zYRP5sNa1l44qKl9v+bfdMcwg+M9qnQf47wK3H0SUR/T+3N4JEQXF3vV4CSuuo0rsg+nq2A=="
      },
      "System.Collections": {
        "type": "Transitive",
        "resolved": "4.3.0",
        "contentHash": "3Dcj85/TBdVpL5Zr+gEEBUuFe2icOnLalmEh9hfck1PTYbbyWuZgh4fmm2ysCLTrqLQw6t3TgTyJ+VLp+Qb+Lw==",
        "dependencies": {
          "Microsoft.NETCore.Platforms": "1.1.0",
          "Microsoft.NETCore.Targets": "1.1.0",
          "System.Runtime": "4.3.0"
        }
      },
      "System.Collections.Immutable": {
        "type": "Transitive",
        "resolved": "1.5.0",
        "contentHash": "EXKiDFsChZW0RjrZ4FYHu9aW6+P4MCgEDCklsVseRfhoO0F+dXeMSsMRAlVXIo06kGJ/zv+2w1a2uc2+kxxSaQ=="
      },
      "System.Composition": {
        "type": "Transitive",
        "resolved": "1.0.31",
        "contentHash": "I+D26qpYdoklyAVUdqwUBrEIckMNjAYnuPJy/h9dsQItpQwVREkDFs4b4tkBza0kT2Yk48Lcfsv2QQ9hWsh9Iw==",
        "dependencies": {
          "System.Composition.AttributedModel": "1.0.31",
          "System.Composition.Convention": "1.0.31",
          "System.Composition.Hosting": "1.0.31",
          "System.Composition.Runtime": "1.0.31",
          "System.Composition.TypedParts": "1.0.31"
        }
      },
      "System.Composition.AttributedModel": {
        "type": "Transitive",
        "resolved": "1.0.31",
        "contentHash": "NHWhkM3ZkspmA0XJEsKdtTt1ViDYuojgSND3yHhTzwxepiwqZf+BCWuvCbjUt4fe0NxxQhUDGJ5km6sLjo9qnQ==",
        "dependencies": {
          "System.Reflection": "4.3.0",
          "System.Runtime": "4.3.0"
        }
      },
      "System.Composition.Convention": {
        "type": "Transitive",
        "resolved": "1.0.31",
        "contentHash": "GLjh2Ju71k6C0qxMMtl4efHa68NmWeIUYh4fkUI8xbjQrEBvFmRwMDFcylT8/PR9SQbeeL48IkFxU/+gd0nYEQ==",
        "dependencies": {
          "System.Collections": "4.3.0",
          "System.Composition.AttributedModel": "1.0.31",
          "System.Diagnostics.Debug": "4.3.0",
          "System.Diagnostics.Tools": "4.3.0",
          "System.Globalization": "4.3.0",
          "System.Linq": "4.3.0",
          "System.Linq.Expressions": "4.3.0",
          "System.Reflection": "4.3.0",
          "System.Reflection.Extensions": "4.3.0",
          "System.Resources.ResourceManager": "4.3.0",
          "System.Runtime": "4.3.0",
          "System.Threading": "4.3.0"
        }
      },
      "System.Composition.Hosting": {
        "type": "Transitive",
        "resolved": "1.0.31",
        "contentHash": "fN1bT4RX4vUqjbgoyuJFVUizAl2mYF5VAb+bVIxIYZSSc0BdnX+yGAxcavxJuDDCQ1K+/mdpgyEFc8e9ikjvrg==",
        "dependencies": {
          "System.Collections": "4.3.0",
          "System.Composition.Runtime": "1.0.31",
          "System.Diagnostics.Debug": "4.3.0",
          "System.Diagnostics.Tools": "4.3.0",
          "System.Globalization": "4.3.0",
          "System.Linq": "4.3.0",
          "System.Linq.Expressions": "4.3.0",
          "System.ObjectModel": "4.3.0",
          "System.Reflection": "4.3.0",
          "System.Reflection.Extensions": "4.3.0",
          "System.Resources.ResourceManager": "4.3.0",
          "System.Runtime": "4.3.0",
          "System.Threading": "4.3.0"
        }
      },
      "System.Composition.Runtime": {
        "type": "Transitive",
        "resolved": "1.0.31",
        "contentHash": "0LEJN+2NVM89CE4SekDrrk5tHV5LeATltkp+9WNYrR+Huiyt0vaCqHbbHtVAjPyeLWIc8dOz/3kthRBj32wGQg==",
        "dependencies": {
          "System.Collections": "4.3.0",
          "System.Diagnostics.Debug": "4.3.0",
          "System.Diagnostics.Tools": "4.3.0",
          "System.Globalization": "4.3.0",
          "System.Linq": "4.3.0",
          "System.Reflection": "4.3.0",
          "System.Resources.ResourceManager": "4.3.0",
          "System.Runtime": "4.3.0"
        }
      },
      "System.Composition.TypedParts": {
        "type": "Transitive",
        "resolved": "1.0.31",
        "contentHash": "0Zae/FtzeFgDBBuILeIbC/T9HMYbW4olAmi8XqqAGosSOWvXfiQLfARZEhiGd0LVXaYgXr0NhxiU1LldRP1fpQ==",
        "dependencies": {
          "System.Collections": "4.3.0",
          "System.Composition.AttributedModel": "1.0.31",
          "System.Composition.Hosting": "1.0.31",
          "System.Composition.Runtime": "1.0.31",
          "System.Diagnostics.Debug": "4.3.0",
          "System.Diagnostics.Tools": "4.3.0",
          "System.Globalization": "4.3.0",
          "System.Linq": "4.3.0",
          "System.Linq.Expressions": "4.3.0",
          "System.Reflection": "4.3.0",
          "System.Reflection.Extensions": "4.3.0",
          "System.Resources.ResourceManager": "4.3.0",
          "System.Runtime": "4.3.0",
          "System.Runtime.Extensions": "4.3.0"
        }
      },
      "System.Configuration.ConfigurationManager": {
        "type": "Transitive",
        "resolved": "7.0.0",
        "contentHash": "WvRUdlL1lB0dTRZSs5XcQOd5q9MYNk90GkbmRmiCvRHThWiojkpGqWdmEDJdXyHbxG/BhE5hmVbMfRLXW9FJVA==",
        "dependencies": {
          "System.Diagnostics.EventLog": "7.0.0",
          "System.Security.Cryptography.ProtectedData": "7.0.0",
          "System.Security.Permissions": "7.0.0"
        }
      },
      "System.Data.SQLite.Core": {
        "type": "Transitive",
        "resolved": "1.0.117",
        "contentHash": "lGfOhA3QQod9XhdWYqLgNgbgq5uZnVG6DtnhDAdPisbLpTTgZBNbeGnp+GWt8C+3EyaqBYTGJWXcxHlHKwo05A==",
        "dependencies": {
          "Stub.System.Data.SQLite.Core.NetStandard": "[1.0.117]"
        }
      },
      "System.Diagnostics.Debug": {
        "type": "Transitive",
        "resolved": "4.3.0",
        "contentHash": "ZUhUOdqmaG5Jk3Xdb8xi5kIyQYAA4PnTNlHx1mu9ZY3qv4ELIdKbnL/akbGaKi2RnNUWaZsAs31rvzFdewTj2g==",
        "dependencies": {
          "Microsoft.NETCore.Platforms": "1.1.0",
          "Microsoft.NETCore.Targets": "1.1.0",
          "System.Runtime": "4.3.0"
        }
      },
      "System.Diagnostics.EventLog": {
        "type": "Transitive",
        "resolved": "7.0.0",
        "contentHash": "eUDP47obqQm3SFJfP6z+Fx2nJ4KKTQbXB4Q9Uesnzw9SbYdhjyoGXuvDn/gEmFY6N5Z3bFFbpAQGA7m6hrYJCw=="
      },
      "System.Diagnostics.Tools": {
        "type": "Transitive",
        "resolved": "4.3.0",
        "contentHash": "UUvkJfSYJMM6x527dJg2VyWPSRqIVB0Z7dbjHst1zmwTXz5CcXSYJFWRpuigfbO1Lf7yfZiIaEUesfnl/g5EyA==",
        "dependencies": {
          "Microsoft.NETCore.Platforms": "1.1.0",
          "Microsoft.NETCore.Targets": "1.1.0",
          "System.Runtime": "4.3.0"
        }
      },
      "System.DirectoryServices": {
        "type": "Transitive",
        "resolved": "7.0.0",
        "contentHash": "WZnDWTwH9RuTWJzljUdZuBu8D3f9dSotW5UL+X+aOqXOSwdqPHhymN8mKSvQjUaSq6gq7JvbWooeRjFpjXwM4A==",
        "dependencies": {
          "System.Security.Permissions": "7.0.0"
        }
      },
      "System.DirectoryServices.AccountManagement": {
        "type": "Transitive",
        "resolved": "7.0.0",
        "contentHash": "qMpVgR5+XactuWzpqsiif++lnTzfDESbQv4UYFZpgdRvFCFIi4JgufOITCDlu+x2vEmwYOVbwrR1N365dDJRLg==",
        "dependencies": {
          "System.Configuration.ConfigurationManager": "7.0.0",
          "System.DirectoryServices": "7.0.0",
          "System.DirectoryServices.Protocols": "7.0.0"
        }
      },
      "System.DirectoryServices.Protocols": {
        "type": "Transitive",
        "resolved": "7.0.0",
        "contentHash": "QNC4ab+Gc3p3uLixavxxD0h5FOxrs2cT3hez4DSMckBU8lgREjrEB5a8reJypkSVlhFyUQ5YfpMJODdeSCYp2g=="
      },
      "System.Drawing.Common": {
        "type": "Transitive",
        "resolved": "7.0.0",
        "contentHash": "KIX+oBU38pxkKPxvLcLfIkOV5Ien8ReN78wro7OF5/erwcmortzeFx+iBswlh2Vz6gVne0khocQudGwaO1Ey6A==",
        "dependencies": {
          "Microsoft.Win32.SystemEvents": "7.0.0"
        }
      },
      "System.Globalization": {
        "type": "Transitive",
        "resolved": "4.3.0",
        "contentHash": "kYdVd2f2PAdFGblzFswE4hkNANJBKRmsfa2X5LG2AcWE1c7/4t0pYae1L8vfZ5xvE2nK/R9JprtToA61OSHWIg==",
        "dependencies": {
          "Microsoft.NETCore.Platforms": "1.1.0",
          "Microsoft.NETCore.Targets": "1.1.0",
          "System.Runtime": "4.3.0"
        }
      },
      "System.IO": {
        "type": "Transitive",
        "resolved": "4.3.0",
        "contentHash": "3qjaHvxQPDpSOYICjUoTsmoq5u6QJAFRUITgeT/4gqkF1bajbSmb1kwSxEA8AHlofqgcKJcM8udgieRNhaJ5Cg==",
        "dependencies": {
          "Microsoft.NETCore.Platforms": "1.1.0",
          "Microsoft.NETCore.Targets": "1.1.0",
          "System.Runtime": "4.3.0",
          "System.Text.Encoding": "4.3.0",
          "System.Threading.Tasks": "4.3.0"
        }
      },
      "System.Linq": {
        "type": "Transitive",
        "resolved": "4.3.0",
        "contentHash": "5DbqIUpsDp0dFftytzuMmc0oeMdQwjcP/EWxsksIz/w1TcFRkZ3yKKz0PqiYFMmEwPSWw+qNVqD7PJ889JzHbw==",
        "dependencies": {
          "System.Collections": "4.3.0",
          "System.Diagnostics.Debug": "4.3.0",
          "System.Resources.ResourceManager": "4.3.0",
          "System.Runtime": "4.3.0",
          "System.Runtime.Extensions": "4.3.0"
        }
      },
      "System.Linq.Expressions": {
        "type": "Transitive",
        "resolved": "4.3.0",
        "contentHash": "PGKkrd2khG4CnlyJwxwwaWWiSiWFNBGlgXvJpeO0xCXrZ89ODrQ6tjEWS/kOqZ8GwEOUATtKtzp1eRgmYNfclg==",
        "dependencies": {
          "System.Collections": "4.3.0",
          "System.Diagnostics.Debug": "4.3.0",
          "System.Globalization": "4.3.0",
          "System.IO": "4.3.0",
          "System.Linq": "4.3.0",
          "System.ObjectModel": "4.3.0",
          "System.Reflection": "4.3.0",
          "System.Reflection.Emit": "4.3.0",
          "System.Reflection.Emit.ILGeneration": "4.3.0",
          "System.Reflection.Emit.Lightweight": "4.3.0",
          "System.Reflection.Extensions": "4.3.0",
          "System.Reflection.Primitives": "4.3.0",
          "System.Reflection.TypeExtensions": "4.3.0",
          "System.Resources.ResourceManager": "4.3.0",
          "System.Runtime": "4.3.0",
          "System.Runtime.Extensions": "4.3.0",
          "System.Threading": "4.3.0"
        }
      },
      "System.Management": {
        "type": "Transitive",
        "resolved": "7.0.0",
        "contentHash": "A4jed4QUviDOm7fJNKAJObEAEkEUXmkGL/w0iyCYTzrl1rezTj8LGFHfsVst4Vb9JwFcTpboiDrvdST48avBpw==",
        "dependencies": {
          "System.CodeDom": "7.0.0"
        }
      },
      "System.Memory": {
        "type": "Transitive",
        "resolved": "4.5.3",
        "contentHash": "3oDzvc/zzetpTKWMShs1AADwZjQ/36HnsufHRPcOjyRAAMLDlu2iD33MBI2opxnezcVUtXyqDXXjoFMOU9c7SA=="
      },
      "System.ObjectModel": {
        "type": "Transitive",
        "resolved": "4.3.0",
        "contentHash": "bdX+80eKv9bN6K4N+d77OankKHGn6CH711a6fcOpMQu2Fckp/Ft4L/kW9WznHpyR0NRAvJutzOMHNNlBGvxQzQ==",
        "dependencies": {
          "System.Collections": "4.3.0",
          "System.Diagnostics.Debug": "4.3.0",
          "System.Resources.ResourceManager": "4.3.0",
          "System.Runtime": "4.3.0",
          "System.Threading": "4.3.0"
        }
      },
      "System.Reflection": {
        "type": "Transitive",
        "resolved": "4.3.0",
        "contentHash": "KMiAFoW7MfJGa9nDFNcfu+FpEdiHpWgTcS2HdMpDvt9saK3y/G4GwprPyzqjFH9NTaGPQeWNHU+iDlDILj96aQ==",
        "dependencies": {
          "Microsoft.NETCore.Platforms": "1.1.0",
          "Microsoft.NETCore.Targets": "1.1.0",
          "System.IO": "4.3.0",
          "System.Reflection.Primitives": "4.3.0",
          "System.Runtime": "4.3.0"
        }
      },
      "System.Reflection.Emit": {
        "type": "Transitive",
        "resolved": "4.3.0",
        "contentHash": "228FG0jLcIwTVJyz8CLFKueVqQK36ANazUManGaJHkO0icjiIypKW7YLWLIWahyIkdh5M7mV2dJepllLyA1SKg==",
        "dependencies": {
          "System.IO": "4.3.0",
          "System.Reflection": "4.3.0",
          "System.Reflection.Emit.ILGeneration": "4.3.0",
          "System.Reflection.Primitives": "4.3.0",
          "System.Runtime": "4.3.0"
        }
      },
      "System.Reflection.Emit.ILGeneration": {
        "type": "Transitive",
        "resolved": "4.3.0",
        "contentHash": "59tBslAk9733NXLrUJrwNZEzbMAcu8k344OYo+wfSVygcgZ9lgBdGIzH/nrg3LYhXceynyvTc8t5/GD4Ri0/ng==",
        "dependencies": {
          "System.Reflection": "4.3.0",
          "System.Reflection.Primitives": "4.3.0",
          "System.Runtime": "4.3.0"
        }
      },
      "System.Reflection.Emit.Lightweight": {
        "type": "Transitive",
        "resolved": "4.3.0",
        "contentHash": "oadVHGSMsTmZsAF864QYN1t1QzZjIcuKU3l2S9cZOwDdDueNTrqq1yRj7koFfIGEnKpt6NjpL3rOzRhs4ryOgA==",
        "dependencies": {
          "System.Reflection": "4.3.0",
          "System.Reflection.Emit.ILGeneration": "4.3.0",
          "System.Reflection.Primitives": "4.3.0",
          "System.Runtime": "4.3.0"
        }
      },
      "System.Reflection.Extensions": {
        "type": "Transitive",
        "resolved": "4.3.0",
        "contentHash": "rJkrJD3kBI5B712aRu4DpSIiHRtr6QlfZSQsb0hYHrDCZORXCFjQfoipo2LaMUHoT9i1B7j7MnfaEKWDFmFQNQ==",
        "dependencies": {
          "Microsoft.NETCore.Platforms": "1.1.0",
          "Microsoft.NETCore.Targets": "1.1.0",
          "System.Reflection": "4.3.0",
          "System.Runtime": "4.3.0"
        }
      },
      "System.Reflection.Metadata": {
        "type": "Transitive",
        "resolved": "1.6.0",
        "contentHash": "COC1aiAJjCoA5GBF+QKL2uLqEBew4JsCkQmoHKbN3TlOZKa2fKLz5CpiRQKDz0RsAOEGsVKqOD5bomsXq/4STQ=="
      },
      "System.Reflection.Primitives": {
        "type": "Transitive",
        "resolved": "4.3.0",
        "contentHash": "5RXItQz5As4xN2/YUDxdpsEkMhvw3e6aNveFXUn4Hl/udNTCNhnKp8lT9fnc3MhvGKh1baak5CovpuQUXHAlIA==",
        "dependencies": {
          "Microsoft.NETCore.Platforms": "1.1.0",
          "Microsoft.NETCore.Targets": "1.1.0",
          "System.Runtime": "4.3.0"
        }
      },
      "System.Reflection.TypeExtensions": {
        "type": "Transitive",
        "resolved": "4.3.0",
        "contentHash": "7u6ulLcZbyxB5Gq0nMkQttcdBTx57ibzw+4IOXEfR+sXYQoHvjW5LTLyNr8O22UIMrqYbchJQJnos4eooYzYJA==",
        "dependencies": {
          "System.Reflection": "4.3.0",
          "System.Runtime": "4.3.0"
        }
      },
      "System.Resources.ResourceManager": {
        "type": "Transitive",
        "resolved": "4.3.0",
        "contentHash": "/zrcPkkWdZmI4F92gL/TPumP98AVDu/Wxr3CSJGQQ+XN6wbRZcyfSKVoPo17ilb3iOr0cCRqJInGwNMolqhS8A==",
        "dependencies": {
          "Microsoft.NETCore.Platforms": "1.1.0",
          "Microsoft.NETCore.Targets": "1.1.0",
          "System.Globalization": "4.3.0",
          "System.Reflection": "4.3.0",
          "System.Runtime": "4.3.0"
        }
      },
      "System.Runtime": {
        "type": "Transitive",
        "resolved": "4.3.0",
        "contentHash": "JufQi0vPQ0xGnAczR13AUFglDyVYt4Kqnz1AZaiKZ5+GICq0/1MH/mO/eAJHt/mHW1zjKBJd7kV26SrxddAhiw==",
        "dependencies": {
          "Microsoft.NETCore.Platforms": "1.1.0",
          "Microsoft.NETCore.Targets": "1.1.0"
        }
      },
      "System.Runtime.CompilerServices.Unsafe": {
        "type": "Transitive",
        "resolved": "4.5.2",
        "contentHash": "wprSFgext8cwqymChhrBLu62LMg/1u92bU+VOwyfBimSPVFXtsNqEWC92Pf9ofzJFlk4IHmJA75EDJn1b2goAQ=="
      },
      "System.Runtime.Extensions": {
        "type": "Transitive",
        "resolved": "4.3.0",
        "contentHash": "guW0uK0fn5fcJJ1tJVXYd7/1h5F+pea1r7FLSOz/f8vPEqbR2ZAknuRDvTQ8PzAilDveOxNjSfr0CHfIQfFk8g==",
        "dependencies": {
          "Microsoft.NETCore.Platforms": "1.1.0",
          "Microsoft.NETCore.Targets": "1.1.0",
          "System.Runtime": "4.3.0"
        }
      },
      "System.Security.Cryptography.ProtectedData": {
        "type": "Transitive",
        "resolved": "7.0.0",
        "contentHash": "xSPiLNlHT6wAHtugASbKAJwV5GVqQK351crnILAucUioFqqieDN79evO1rku1ckt/GfjIn+b17UaSskoY03JuA=="
      },
      "System.Security.Permissions": {
        "type": "Transitive",
        "resolved": "7.0.0",
        "contentHash": "Vmp0iRmCEno9BWiskOW5pxJ3d9n+jUqKxvX4GhLwFhnQaySZmBN2FuC0N5gjFHgyFMUjC5sfIJ8KZfoJwkcMmA==",
        "dependencies": {
          "System.Windows.Extensions": "7.0.0"
        }
      },
      "System.Text.Encoding": {
        "type": "Transitive",
        "resolved": "4.3.0",
        "contentHash": "BiIg+KWaSDOITze6jGQynxg64naAPtqGHBwDrLaCtixsa5bKiR8dpPOHA7ge3C0JJQizJE+sfkz1wV+BAKAYZw==",
        "dependencies": {
          "Microsoft.NETCore.Platforms": "1.1.0",
          "Microsoft.NETCore.Targets": "1.1.0",
          "System.Runtime": "4.3.0"
        }
      },
      "System.Text.Encoding.CodePages": {
        "type": "Transitive",
        "resolved": "7.0.0",
        "contentHash": "LSyCblMpvOe0N3E+8e0skHcrIhgV2huaNcjUUEa8hRtgEAm36aGkRoC8Jxlb6Ra6GSfF29ftduPNywin8XolzQ=="
      },
      "System.Text.Encodings.Web": {
        "type": "Transitive",
        "resolved": "7.0.0",
        "contentHash": "OP6umVGxc0Z0MvZQBVigj4/U31Pw72ITihDWP9WiWDm+q5aoe0GaJivsfYGq53o6dxH7DcXWiCTl7+0o2CGdmg=="
      },
      "System.Text.Json": {
        "type": "Transitive",
        "resolved": "7.0.0",
        "contentHash": "DaGSsVqKsn/ia6RG8frjwmJonfos0srquhw09TlT8KRw5I43E+4gs+/bZj4K0vShJ5H9imCuXupb4RmS+dBy3w==",
        "dependencies": {
          "System.Text.Encodings.Web": "7.0.0"
        }
      },
      "System.Threading": {
        "type": "Transitive",
        "resolved": "4.3.0",
        "contentHash": "VkUS0kOBcUf3Wwm0TSbrevDDZ6BlM+b/HRiapRFWjM5O0NS0LviG0glKmFK+hhPDd1XFeSdU1GmlLhb2CoVpIw==",
        "dependencies": {
          "System.Runtime": "4.3.0",
          "System.Threading.Tasks": "4.3.0"
        }
      },
      "System.Threading.Tasks": {
        "type": "Transitive",
        "resolved": "4.3.0",
        "contentHash": "LbSxKEdOUhVe8BezB/9uOGGppt+nZf6e1VFyw6v3DN6lqitm0OSn2uXMOdtP0M3W4iMcqcivm2J6UgqiwwnXiA==",
        "dependencies": {
          "Microsoft.NETCore.Platforms": "1.1.0",
          "Microsoft.NETCore.Targets": "1.1.0",
          "System.Runtime": "4.3.0"
        }
      },
      "System.Threading.Tasks.Extensions": {
        "type": "Transitive",
        "resolved": "4.5.3",
        "contentHash": "+MvhNtcvIbqmhANyKu91jQnvIRVSTiaOiFNfKWwXGHG48YAb4I/TyH8spsySiPYla7gKal5ZnF3teJqZAximyQ=="
      },
      "System.Windows.Extensions": {
        "type": "Transitive",
        "resolved": "7.0.0",
        "contentHash": "bR4qdCmssMMbo9Fatci49An5B1UaVJZHKNq70PRgzoLYIlitb8Tj7ns/Xt5Pz1CkERiTjcVBDU2y1AVrPBYkaw==",
        "dependencies": {
          "System.Drawing.Common": "7.0.0"
        }
      },
      "pe.bridge": {
        "type": "Project",
        "dependencies": {
          "ClrHeapAllocationAnalyzer": "[3.0.0, )",
          "Microsoft.Extensions.Logging.Abstractions": "[7.0.0, )"
        }
      },
      "pe.core": {
        "type": "Project",
        "dependencies": {
          "ClrHeapAllocationAnalyzer": "[3.0.0, )",
          "Dapper": "[2.0.123, )",
          "Microsoft.Extensions.Logging.Abstractions": "[7.0.0, )",
          "Pe.Bridge": "[0.99.183, )",
          "Pe.PInvoke": "[0.99.183, )",
          "Prism.Wpf": "[8.1.97, )",
          "System.Data.SQLite.Core": "[1.0.117, )"
        }
      },
      "pe.main": {
        "type": "Project",
        "dependencies": {
          "AvalonEdit": "[6.2.0.78, )",
          "CefSharp.Wpf.NETCore": "[108.4.130, )",
          "ClrHeapAllocationAnalyzer": "[3.0.0, )",
          "Hardcodet.NotifyIcon.Wpf": "[1.1.0, )",
          "Microsoft.Extensions.Configuration.Binder": "[7.0.1, )",
          "Microsoft.Extensions.Configuration.Json": "[7.0.0, )",
          "Microsoft.Extensions.Logging": "[7.0.0, )",
          "NLog.Extensions.Logging": "[5.1.0, )",
          "Pe.Core": "[0.99.183, )",
          "Pe.Plugins.DefaultTheme": "[0.99.183, )",
          "Prism.Wpf": "[8.1.97, )",
          "SevenZipExtractor": "[1.0.17, )",
          "System.DirectoryServices.AccountManagement": "[7.0.0, )",
          "System.Text.Encoding.CodePages": "[7.0.0, )",
          "chromiumembeddedframework.runtime.win-arm64": "[108.4.13, )",
          "chromiumembeddedframework.runtime.win-x64": "[108.4.13, )",
          "chromiumembeddedframework.runtime.win-x86": "[108.4.13, )"
        }
      },
      "pe.pinvoke": {
        "type": "Project",
        "dependencies": {
          "System.Management": "[7.0.0, )"
        }
      },
      "pe.plugins.defaulttheme": {
        "type": "Project",
        "dependencies": {
          "Pe.Bridge": "[0.99.183, )",
          "Pe.Core": "[0.99.183, )"
        }
      }
    }
  }
}