
Microsoft Visual Studio Solution File, Format Version 12.00
# Visual Studio 15
VisualStudioVersion = 15.0.27130.2010
MinimumVisualStudioVersion = 10.0.40219.1
Project("{FAE04EC0-301F-11D3-BF4B-00C04F79EFBC}") = "Package", "Library\Package\Package.csproj", "{FBF5E5E8-2D88-45A7-B1EA-9E3FB68E97E4}"
	ProjectSection(ProjectDependencies) = postProject
		{9E8E373E-CD97-411D-8C45-10AC4A86CAE8} = {9E8E373E-CD97-411D-8C45-10AC4A86CAE8}
	EndProjectSection
EndProject
Project("{2150E333-8FDC-42A3-9474-1A3956D46DE8}") = "Library", "Library", "{C58A36EF-C8AE-4121-A528-E09D6A1F93CD}"
EndProject
Project("{FAE04EC0-301F-11D3-BF4B-00C04F79EFBC}") = "Updater", "Applications\sbin\Updater\Updater.csproj", "{7CC3600F-2EC1-4905-AF5C-6191D37A3824}"
EndProject
Project("{2150E333-8FDC-42A3-9474-1A3956D46DE8}") = "sbin", "sbin", "{F82F2E9C-4CD0-4AB9-97C3-A117B879FDD1}"
EndProject
Project("{2150E333-8FDC-42A3-9474-1A3956D46DE8}") = "Test", "Test", "{523E1EA8-40B0-415E-989F-69FA179E01BF}"
EndProject
Project("{2150E333-8FDC-42A3-9474-1A3956D46DE8}") = "Applications", "Applications", "{CC6F7843-078E-4C81-B799-078CDD54B9FD}"
EndProject
Project("{2150E333-8FDC-42A3-9474-1A3956D46DE8}") = "Library", "Library", "{E4FD5505-A3DC-461C-B90A-5869711BAA4C}"
EndProject
Project("{FAE04EC0-301F-11D3-BF4B-00C04F79EFBC}") = "PeMain", "PeMain\PeMain.csproj", "{C35BCF43-BB6D-45DB-9784-7D79254EA4B8}"
EndProject
Project("{FAE04EC0-301F-11D3-BF4B-00C04F79EFBC}") = "PeMainTest", "Test\PeMainTest\PeMainTest.csproj", "{AA54AB23-EE8A-4F86-B349-FC031067B923}"
EndProject
Project("{FAE04EC0-301F-11D3-BF4B-00C04F79EFBC}") = "PeData", "Library\PeData\PeData.csproj", "{B3C0D8C0-2382-4058-8CEC-3C62DE401C3F}"
EndProject
Project("{FAE04EC0-301F-11D3-BF4B-00C04F79EFBC}") = "PeDataTest", "Test\Library\PeDataTest\PeDataTest.csproj", "{DDD3B4E3-D632-4EAC-A999-80B1B6207EB5}"
EndProject
Project("{FAE04EC0-301F-11D3-BF4B-00C04F79EFBC}") = "FormsCushion", "Library\FormsCushion\FormsCushion.csproj", "{EC316A73-527D-43A9-B809-EB06257E4358}"
EndProject
Project("{FAE04EC0-301F-11D3-BF4B-00C04F79EFBC}") = "SharedLibrary", "Library\SharedLibrary\SharedLibrary.csproj", "{9E8E373E-CD97-411D-8C45-10AC4A86CAE8}"
EndProject
Global
	GlobalSection(SolutionConfigurationPlatforms) = preSolution
		Debug|Any CPU = Debug|Any CPU
		Debug|x64 = Debug|x64
		Debug|x86 = Debug|x86
		Release|Any CPU = Release|Any CPU
		Release|x64 = Release|x64
		Release|x86 = Release|x86
	EndGlobalSection
	GlobalSection(ProjectConfigurationPlatforms) = postSolution
		{FBF5E5E8-2D88-45A7-B1EA-9E3FB68E97E4}.Debug|Any CPU.ActiveCfg = Debug|x86
		{FBF5E5E8-2D88-45A7-B1EA-9E3FB68E97E4}.Debug|x64.ActiveCfg = Debug|x64
		{FBF5E5E8-2D88-45A7-B1EA-9E3FB68E97E4}.Debug|x64.Build.0 = Debug|x64
		{FBF5E5E8-2D88-45A7-B1EA-9E3FB68E97E4}.Debug|x86.ActiveCfg = Debug|x86
		{FBF5E5E8-2D88-45A7-B1EA-9E3FB68E97E4}.Debug|x86.Build.0 = Debug|x86
		{FBF5E5E8-2D88-45A7-B1EA-9E3FB68E97E4}.Release|Any CPU.ActiveCfg = Release|x86
		{FBF5E5E8-2D88-45A7-B1EA-9E3FB68E97E4}.Release|x64.ActiveCfg = Release|x64
		{FBF5E5E8-2D88-45A7-B1EA-9E3FB68E97E4}.Release|x64.Build.0 = Release|x64
		{FBF5E5E8-2D88-45A7-B1EA-9E3FB68E97E4}.Release|x86.ActiveCfg = Release|x86
		{FBF5E5E8-2D88-45A7-B1EA-9E3FB68E97E4}.Release|x86.Build.0 = Release|x86
		{7CC3600F-2EC1-4905-AF5C-6191D37A3824}.Debug|Any CPU.ActiveCfg = Debug|x86
		{7CC3600F-2EC1-4905-AF5C-6191D37A3824}.Debug|x64.ActiveCfg = Debug|x64
		{7CC3600F-2EC1-4905-AF5C-6191D37A3824}.Debug|x64.Build.0 = Debug|x64
		{7CC3600F-2EC1-4905-AF5C-6191D37A3824}.Debug|x86.ActiveCfg = Debug|x86
		{7CC3600F-2EC1-4905-AF5C-6191D37A3824}.Debug|x86.Build.0 = Debug|x86
		{7CC3600F-2EC1-4905-AF5C-6191D37A3824}.Release|Any CPU.ActiveCfg = Release|x86
		{7CC3600F-2EC1-4905-AF5C-6191D37A3824}.Release|x64.ActiveCfg = Release|x64
		{7CC3600F-2EC1-4905-AF5C-6191D37A3824}.Release|x64.Build.0 = Release|x64
		{7CC3600F-2EC1-4905-AF5C-6191D37A3824}.Release|x86.ActiveCfg = Release|x86
		{7CC3600F-2EC1-4905-AF5C-6191D37A3824}.Release|x86.Build.0 = Release|x86
		{C35BCF43-BB6D-45DB-9784-7D79254EA4B8}.Debug|Any CPU.ActiveCfg = Debug|x86
		{C35BCF43-BB6D-45DB-9784-7D79254EA4B8}.Debug|x64.ActiveCfg = Debug|x64
		{C35BCF43-BB6D-45DB-9784-7D79254EA4B8}.Debug|x64.Build.0 = Debug|x64
		{C35BCF43-BB6D-45DB-9784-7D79254EA4B8}.Debug|x86.ActiveCfg = Debug|x86
		{C35BCF43-BB6D-45DB-9784-7D79254EA4B8}.Debug|x86.Build.0 = Debug|x86
		{C35BCF43-BB6D-45DB-9784-7D79254EA4B8}.Release|Any CPU.ActiveCfg = Release|x86
		{C35BCF43-BB6D-45DB-9784-7D79254EA4B8}.Release|x64.ActiveCfg = Release|x64
		{C35BCF43-BB6D-45DB-9784-7D79254EA4B8}.Release|x64.Build.0 = Release|x64
		{C35BCF43-BB6D-45DB-9784-7D79254EA4B8}.Release|x86.ActiveCfg = Release|x86
		{C35BCF43-BB6D-45DB-9784-7D79254EA4B8}.Release|x86.Build.0 = Release|x86
		{AA54AB23-EE8A-4F86-B349-FC031067B923}.Debug|Any CPU.ActiveCfg = Debug|x86
		{AA54AB23-EE8A-4F86-B349-FC031067B923}.Debug|x64.ActiveCfg = Debug|x64
		{AA54AB23-EE8A-4F86-B349-FC031067B923}.Debug|x64.Build.0 = Debug|x64
		{AA54AB23-EE8A-4F86-B349-FC031067B923}.Debug|x86.ActiveCfg = Debug|x86
		{AA54AB23-EE8A-4F86-B349-FC031067B923}.Debug|x86.Build.0 = Debug|x86
		{AA54AB23-EE8A-4F86-B349-FC031067B923}.Release|Any CPU.ActiveCfg = Release|x86
		{AA54AB23-EE8A-4F86-B349-FC031067B923}.Release|x64.ActiveCfg = Release|x64
		{AA54AB23-EE8A-4F86-B349-FC031067B923}.Release|x64.Build.0 = Release|x64
		{AA54AB23-EE8A-4F86-B349-FC031067B923}.Release|x86.ActiveCfg = Release|x86
		{AA54AB23-EE8A-4F86-B349-FC031067B923}.Release|x86.Build.0 = Release|x86
		{B3C0D8C0-2382-4058-8CEC-3C62DE401C3F}.Debug|Any CPU.ActiveCfg = Debug|x86
		{B3C0D8C0-2382-4058-8CEC-3C62DE401C3F}.Debug|x64.ActiveCfg = Debug|x64
		{B3C0D8C0-2382-4058-8CEC-3C62DE401C3F}.Debug|x64.Build.0 = Debug|x64
		{B3C0D8C0-2382-4058-8CEC-3C62DE401C3F}.Debug|x86.ActiveCfg = Debug|x86
		{B3C0D8C0-2382-4058-8CEC-3C62DE401C3F}.Debug|x86.Build.0 = Debug|x86
		{B3C0D8C0-2382-4058-8CEC-3C62DE401C3F}.Release|Any CPU.ActiveCfg = Release|x86
		{B3C0D8C0-2382-4058-8CEC-3C62DE401C3F}.Release|x64.ActiveCfg = Release|x64
		{B3C0D8C0-2382-4058-8CEC-3C62DE401C3F}.Release|x64.Build.0 = Release|x64
		{B3C0D8C0-2382-4058-8CEC-3C62DE401C3F}.Release|x86.ActiveCfg = Release|x86
		{B3C0D8C0-2382-4058-8CEC-3C62DE401C3F}.Release|x86.Build.0 = Release|x86
		{DDD3B4E3-D632-4EAC-A999-80B1B6207EB5}.Debug|Any CPU.ActiveCfg = Debug|x86
		{DDD3B4E3-D632-4EAC-A999-80B1B6207EB5}.Debug|x64.ActiveCfg = Debug|x64
		{DDD3B4E3-D632-4EAC-A999-80B1B6207EB5}.Debug|x64.Build.0 = Debug|x64
		{DDD3B4E3-D632-4EAC-A999-80B1B6207EB5}.Debug|x86.ActiveCfg = Debug|x86
		{DDD3B4E3-D632-4EAC-A999-80B1B6207EB5}.Debug|x86.Build.0 = Debug|x86
		{DDD3B4E3-D632-4EAC-A999-80B1B6207EB5}.Release|Any CPU.ActiveCfg = Release|x86
		{DDD3B4E3-D632-4EAC-A999-80B1B6207EB5}.Release|x64.ActiveCfg = Release|x64
		{DDD3B4E3-D632-4EAC-A999-80B1B6207EB5}.Release|x64.Build.0 = Release|x64
		{DDD3B4E3-D632-4EAC-A999-80B1B6207EB5}.Release|x86.ActiveCfg = Release|x86
		{DDD3B4E3-D632-4EAC-A999-80B1B6207EB5}.Release|x86.Build.0 = Release|x86
		{EC316A73-527D-43A9-B809-EB06257E4358}.Debug|Any CPU.ActiveCfg = Debug|x86
		{EC316A73-527D-43A9-B809-EB06257E4358}.Debug|x64.ActiveCfg = Debug|x64
		{EC316A73-527D-43A9-B809-EB06257E4358}.Debug|x64.Build.0 = Debug|x64
		{EC316A73-527D-43A9-B809-EB06257E4358}.Debug|x86.ActiveCfg = Debug|x86
		{EC316A73-527D-43A9-B809-EB06257E4358}.Debug|x86.Build.0 = Debug|x86
		{EC316A73-527D-43A9-B809-EB06257E4358}.Release|Any CPU.ActiveCfg = Release|x86
		{EC316A73-527D-43A9-B809-EB06257E4358}.Release|x64.ActiveCfg = Release|x64
		{EC316A73-527D-43A9-B809-EB06257E4358}.Release|x64.Build.0 = Release|x64
		{EC316A73-527D-43A9-B809-EB06257E4358}.Release|x86.ActiveCfg = Release|x86
		{EC316A73-527D-43A9-B809-EB06257E4358}.Release|x86.Build.0 = Release|x86
		{9E8E373E-CD97-411D-8C45-10AC4A86CAE8}.Debug|Any CPU.ActiveCfg = Debug|Any CPU
		{9E8E373E-CD97-411D-8C45-10AC4A86CAE8}.Debug|Any CPU.Build.0 = Debug|Any CPU
		{9E8E373E-CD97-411D-8C45-10AC4A86CAE8}.Debug|x64.ActiveCfg = Debug|Any CPU
		{9E8E373E-CD97-411D-8C45-10AC4A86CAE8}.Debug|x64.Build.0 = Debug|Any CPU
		{9E8E373E-CD97-411D-8C45-10AC4A86CAE8}.Debug|x86.ActiveCfg = Debug|Any CPU
		{9E8E373E-CD97-411D-8C45-10AC4A86CAE8}.Debug|x86.Build.0 = Debug|Any CPU
		{9E8E373E-CD97-411D-8C45-10AC4A86CAE8}.Release|Any CPU.ActiveCfg = Release|Any CPU
		{9E8E373E-CD97-411D-8C45-10AC4A86CAE8}.Release|Any CPU.Build.0 = Release|Any CPU
		{9E8E373E-CD97-411D-8C45-10AC4A86CAE8}.Release|x64.ActiveCfg = Release|Any CPU
		{9E8E373E-CD97-411D-8C45-10AC4A86CAE8}.Release|x64.Build.0 = Release|Any CPU
		{9E8E373E-CD97-411D-8C45-10AC4A86CAE8}.Release|x86.ActiveCfg = Release|Any CPU
		{9E8E373E-CD97-411D-8C45-10AC4A86CAE8}.Release|x86.Build.0 = Release|Any CPU
	EndGlobalSection
	GlobalSection(SolutionProperties) = preSolution
		HideSolutionNode = FALSE
	EndGlobalSection
	GlobalSection(NestedProjects) = preSolution
		{FBF5E5E8-2D88-45A7-B1EA-9E3FB68E97E4} = {C58A36EF-C8AE-4121-A528-E09D6A1F93CD}
		{7CC3600F-2EC1-4905-AF5C-6191D37A3824} = {F82F2E9C-4CD0-4AB9-97C3-A117B879FDD1}
		{F82F2E9C-4CD0-4AB9-97C3-A117B879FDD1} = {CC6F7843-078E-4C81-B799-078CDD54B9FD}
		{E4FD5505-A3DC-461C-B90A-5869711BAA4C} = {523E1EA8-40B0-415E-989F-69FA179E01BF}
		{AA54AB23-EE8A-4F86-B349-FC031067B923} = {523E1EA8-40B0-415E-989F-69FA179E01BF}
		{B3C0D8C0-2382-4058-8CEC-3C62DE401C3F} = {C58A36EF-C8AE-4121-A528-E09D6A1F93CD}
		{DDD3B4E3-D632-4EAC-A999-80B1B6207EB5} = {E4FD5505-A3DC-461C-B90A-5869711BAA4C}
		{EC316A73-527D-43A9-B809-EB06257E4358} = {C58A36EF-C8AE-4121-A528-E09D6A1F93CD}
		{9E8E373E-CD97-411D-8C45-10AC4A86CAE8} = {C58A36EF-C8AE-4121-A528-E09D6A1F93CD}
	EndGlobalSection
	GlobalSection(ExtensibilityGlobals) = postSolution
		SolutionGuid = {5F88AF58-9C6D-400D-B840-7DEA0E0FD19C}
	EndGlobalSection
EndGlobal
